<?xml version="1.0" encoding="utf-8"?>
<Project ToolsVersion="4.0" xmlns="http://schemas.microsoft.com/developer/msbuild/2003">
  <ItemGroup>
    <Filter Include="Source Files">
      <UniqueIdentifier>{4FC737F1-C7A5-4376-A066-2A32D752A2FF}</UniqueIdentifier>
      <Extensions>cpp;c;cc;cxx;def;odl;idl;hpj;bat;asm;asmx</Extensions>
    </Filter>
    <Filter Include="Header Files">
      <UniqueIdentifier>{93995380-89BD-4b04-88EB-625FBE52EBFB}</UniqueIdentifier>
      <Extensions>h;hpp;hxx;hm;inl;inc;xsd</Extensions>
    </Filter>
    <Filter Include="Resource Files">
      <UniqueIdentifier>{67DA6AB6-F800-4c08-8B7A-83BB121AAD01}</UniqueIdentifier>
      <Extensions>rc;ico;cur;bmp;dlg;rc2;rct;bin;rgs;gif;jpg;jpeg;jpe;resx;tiff;tif;png;wav</Extensions>
    </Filter>
    <Filter Include="CEHeaders">
      <UniqueIdentifier>{33d14460-f115-4762-8b7e-4d9e7d8b54a4}</UniqueIdentifier>
    </Filter>
  </ItemGroup>
  <ItemGroup>
    <ClCompile Include="AssemblyInfo.cpp">
      <Filter>Source Files</Filter>
    </ClCompile>
    <ClCompile Include="MCleanEngine.cpp">
      <Filter>Source Files</Filter>
    </ClCompile>
    <ClCompile Include="MINotifier.cpp">
      <Filter>Source Files</Filter>
    </ClCompile>
    <ClCompile Include="Stdafx.cpp">
      <Filter>Source Files</Filter>
    </ClCompile>
  </ItemGroup>
  <ItemGroup>
    <ClInclude Include="MCleanEngine.h">
      <Filter>Header Files</Filter>
    </ClInclude>
    <ClInclude Include="MINotifier.h">
      <Filter>Header Files</Filter>
    </ClInclude>
    <ClInclude Include="resource.h">
      <Filter>Header Files</Filter>
    </ClInclude>
    <ClInclude Include="Stdafx.h">
      <Filter>Header Files</Filter>
    </ClInclude>
    <ClInclude Include="..\..\CleanEngine\Lib\_Include\CETypes.h">
      <Filter>CEHeaders</Filter>
    </ClInclude>
    <ClInclude Include="..\..\CleanEngine\Lib\_Include\CleanEngine.h">
      <Filter>CEHeaders</Filter>
    </ClInclude>
    <ClInclude Include="..\..\CleanEngine\Lib\_Include\CleanScanner.h">
      <Filter>CEHeaders</Filter>
    </ClInclude>
    <ClInclude Include="..\..\CleanEngine\Lib\_Include\countable.h">
      <Filter>CEHeaders</Filter>
    </ClInclude>
    <ClInclude Include="..\..\CleanEngine\Lib\_Include\DCTypes.h">
      <Filter>CEHeaders</Filter>
    </ClInclude>
    <ClInclude Include="..\..\CleanEngine\Defragger.h">
      <Filter>CEHeaders</Filter>
    </ClInclude>
    <ClInclude Include="..\..\CleanEngine\Lib\_Include\Exception.h">
      <Filter>CEHeaders</Filter>
    </ClInclude>
    <ClInclude Include="..\..\CleanEngine\Lib\_Include\functional.h">
      <Filter>CEHeaders</Filter>
    </ClInclude>
    <ClInclude Include="..\..\CleanEngine\Lib\_Include\functor.h">
      <Filter>CEHeaders</Filter>
    </ClInclude>
    <ClInclude Include="..\..\CleanEngine\Lib\_Include\NativeNotifier.h">
      <Filter>CEHeaders</Filter>
    </ClInclude>
    <ClInclude Include="..\..\CleanEngine\Lib\_Include\Report.h">
      <Filter>CEHeaders</Filter>
    </ClInclude>
    <ClInclude Include="..\..\CleanEngine\Lib\_Include\Runnable.h">
      <Filter>CEHeaders</Filter>
    </ClInclude>
    <ClInclude Include="..\..\CleanEngine\Lib\_Include\RunnableStateMngr.h">
      <Filter>CEHeaders</Filter>
    </ClInclude>
    <ClInclude Include="..\..\CleanEngine\Lib\_Include\ScannerFactory.h">
      <Filter>CEHeaders</Filter>
    </ClInclude>
    <ClInclude Include="..\..\CleanEngine\Lib\_Include\scanners.h">
      <Filter>CEHeaders</Filter>
    </ClInclude>
    <ClInclude Include="..\..\CleanEngine\Lib\_Include\scopeguard.h">
      <Filter>CEHeaders</Filter>
    </ClInclude>
    <ClInclude Include="..\..\CleanEngine\Lib\_Include\Stera.h">
      <Filter>CEHeaders</Filter>
    </ClInclude>
    <ClInclude Include="..\..\CleanEngine\Lib\_Include\WhiteList.h">
      <Filter>CEHeaders</Filter>
    </ClInclude>
  </ItemGroup>
  <ItemGroup>
    <Image Include="app.ico">
      <Filter>Resource Files</Filter>
    </Image>
  </ItemGroup>
  <ItemGroup>
    <ResourceCompile Include="app.rc">
      <Filter>Resource Files</Filter>
    </ResourceCompile>
  </ItemGroup>
  <ItemGroup>
    <Text Include="ReadMe.txt" />
  </ItemGroup>
</Project>