
Microsoft Visual Studio Solution File, Format Version 12.00
# Visual Studio Version 16
VisualStudioVersion = 16.0.30517.126
MinimumVisualStudioVersion = 10.0.40219.1
Project("{8BC9CEB8-8B4A-11D0-8D11-00A0C91BC942}") = "CleanEngine_2010", "CleanEngine\CleanEngine_2005.vcxproj", "{8C12D387-2CB2-4BD7-9B4A-AD25E375EB9E}"
EndProject
Project("{8BC9CEB8-8B4A-11D0-8D11-00A0C91BC942}") = "FLCleanEngine", "FLCleanEngine\FLCleanEngine.vcxproj", "{8D456998-F4A5-4DB9-8398-A2382098351A}"
EndProject
Project("{FAE04EC0-301F-11D3-BF4B-00C04F79EFBC}") = "FrontLineGUI", "FrontLineGUI\FrontLineGUI.csproj", "{057AA2AF-BEE1-4F61-9379-E442AB8279E7}"
EndProject
Global
	GlobalSection(SolutionConfigurationPlatforms) = preSolution
		CD_ROM|Any CPU = CD_ROM|Any CPU
		CD_ROM|ARM = CD_ROM|ARM
		CD_ROM|Mixed Platforms = CD_ROM|Mixed Platforms
		CD_ROM|Win32 = CD_ROM|Win32
		CD_ROM|x64 = CD_ROM|x64
		Custom|Any CPU = Custom|Any CPU
		Custom|ARM = Custom|ARM
		Custom|Mixed Platforms = Custom|Mixed Platforms
		Custom|Win32 = Custom|Win32
		Custom|x64 = Custom|x64
		Debug_CE_Only|Any CPU = Debug_CE_Only|Any CPU
		Debug_CE_Only|ARM = Debug_CE_Only|ARM
		Debug_CE_Only|Mixed Platforms = Debug_CE_Only|Mixed Platforms
		Debug_CE_Only|Win32 = Debug_CE_Only|Win32
		Debug_CE_Only|x64 = Debug_CE_Only|x64
		Debug_DC_Only|Any CPU = Debug_DC_Only|Any CPU
		Debug_DC_Only|ARM = Debug_DC_Only|ARM
		Debug_DC_Only|Mixed Platforms = Debug_DC_Only|Mixed Platforms
		Debug_DC_Only|Win32 = Debug_DC_Only|Win32
		Debug_DC_Only|x64 = Debug_DC_Only|x64
		Debug|Any CPU = Debug|Any CPU
		Debug|ARM = Debug|ARM
		Debug|Mixed Platforms = Debug|Mixed Platforms
		Debug|Win32 = Debug|Win32
		Debug|x64 = Debug|x64
		DVD-10|Any CPU = DVD-10|Any CPU
		DVD-10|ARM = DVD-10|ARM
		DVD-10|Mixed Platforms = DVD-10|Mixed Platforms
		DVD-10|Win32 = DVD-10|Win32
		DVD-10|x64 = DVD-10|x64
		DVD-18|Any CPU = DVD-18|Any CPU
		DVD-18|ARM = DVD-18|ARM
		DVD-18|Mixed Platforms = DVD-18|Mixed Platforms
		DVD-18|Win32 = DVD-18|Win32
		DVD-18|x64 = DVD-18|x64
		DVD-5|Any CPU = DVD-5|Any CPU
		DVD-5|ARM = DVD-5|ARM
		DVD-5|Mixed Platforms = DVD-5|Mixed Platforms
		DVD-5|Win32 = DVD-5|Win32
		DVD-5|x64 = DVD-5|x64
		DVD-9|Any CPU = DVD-9|Any CPU
		DVD-9|ARM = DVD-9|ARM
		DVD-9|Mixed Platforms = DVD-9|Mixed Platforms
		DVD-9|Win32 = DVD-9|Win32
		DVD-9|x64 = DVD-9|x64
		Release_CE_Only|Any CPU = Release_CE_Only|Any CPU
		Release_CE_Only|ARM = Release_CE_Only|ARM
		Release_CE_Only|Mixed Platforms = Release_CE_Only|Mixed Platforms
		Release_CE_Only|Win32 = Release_CE_Only|Win32
		Release_CE_Only|x64 = Release_CE_Only|x64
		Release_DC_Only|Any CPU = Release_DC_Only|Any CPU
		Release_DC_Only|ARM = Release_DC_Only|ARM
		Release_DC_Only|Mixed Platforms = Release_DC_Only|Mixed Platforms
		Release_DC_Only|Win32 = Release_DC_Only|Win32
		Release_DC_Only|x64 = Release_DC_Only|x64
		Release|Any CPU = Release|Any CPU
		Release|ARM = Release|ARM
		Release|Mixed Platforms = Release|Mixed Platforms
		Release|Win32 = Release|Win32
		Release|x64 = Release|x64
		ReleaseTest|Any CPU = ReleaseTest|Any CPU
		ReleaseTest|ARM = ReleaseTest|ARM
		ReleaseTest|Mixed Platforms = ReleaseTest|Mixed Platforms
		ReleaseTest|Win32 = ReleaseTest|Win32
		ReleaseTest|x64 = ReleaseTest|x64
		SingleImage|Any CPU = SingleImage|Any CPU
		SingleImage|ARM = SingleImage|ARM
		SingleImage|Mixed Platforms = SingleImage|Mixed Platforms
		SingleImage|Win32 = SingleImage|Win32
		SingleImage|x64 = SingleImage|x64
		WebDeployment|Any CPU = WebDeployment|Any CPU
		WebDeployment|ARM = WebDeployment|ARM
		WebDeployment|Mixed Platforms = WebDeployment|Mixed Platforms
		WebDeployment|Win32 = WebDeployment|Win32
		WebDeployment|x64 = WebDeployment|x64
	EndGlobalSection
	GlobalSection(ProjectConfigurationPlatforms) = postSolution
		{8C12D387-2CB2-4BD7-9B4A-AD25E375EB9E}.CD_ROM|Any CPU.ActiveCfg = ReleaseTest|Win32
		{8C12D387-2CB2-4BD7-9B4A-AD25E375EB9E}.CD_ROM|Any CPU.Build.0 = ReleaseTest|Win32
		{8C12D387-2CB2-4BD7-9B4A-AD25E375EB9E}.CD_ROM|Any CPU.Deploy.0 = ReleaseTest|Win32
		{8C12D387-2CB2-4BD7-9B4A-AD25E375EB9E}.CD_ROM|ARM.ActiveCfg = Release|Win32
		{8C12D387-2CB2-4BD7-9B4A-AD25E375EB9E}.CD_ROM|ARM.Build.0 = Release|Win32
		{8C12D387-2CB2-4BD7-9B4A-AD25E375EB9E}.CD_ROM|Mixed Platforms.ActiveCfg = ReleaseTest|Win32
		{8C12D387-2CB2-4BD7-9B4A-AD25E375EB9E}.CD_ROM|Mixed Platforms.Build.0 = ReleaseTest|Win32
		{8C12D387-2CB2-4BD7-9B4A-AD25E375EB9E}.CD_ROM|Mixed Platforms.Deploy.0 = ReleaseTest|Win32
		{8C12D387-2CB2-4BD7-9B4A-AD25E375EB9E}.CD_ROM|Win32.ActiveCfg = ReleaseTest|Win32
		{8C12D387-2CB2-4BD7-9B4A-AD25E375EB9E}.CD_ROM|Win32.Build.0 = ReleaseTest|Win32
		{8C12D387-2CB2-4BD7-9B4A-AD25E375EB9E}.CD_ROM|Win32.Deploy.0 = ReleaseTest|Win32
		{8C12D387-2CB2-4BD7-9B4A-AD25E375EB9E}.CD_ROM|x64.ActiveCfg = Release|Win32
		{8C12D387-2CB2-4BD7-9B4A-AD25E375EB9E}.CD_ROM|x64.Build.0 = Release|Win32
		{8C12D387-2CB2-4BD7-9B4A-AD25E375EB9E}.Custom|Any CPU.ActiveCfg = ReleaseTest|Win32
		{8C12D387-2CB2-4BD7-9B4A-AD25E375EB9E}.Custom|Any CPU.Build.0 = ReleaseTest|Win32
		{8C12D387-2CB2-4BD7-9B4A-AD25E375EB9E}.Custom|Any CPU.Deploy.0 = ReleaseTest|Win32
		{8C12D387-2CB2-4BD7-9B4A-AD25E375EB9E}.Custom|ARM.ActiveCfg = Release|Win32
		{8C12D387-2CB2-4BD7-9B4A-AD25E375EB9E}.Custom|ARM.Build.0 = Release|Win32
		{8C12D387-2CB2-4BD7-9B4A-AD25E375EB9E}.Custom|Mixed Platforms.ActiveCfg = ReleaseTest|Win32
		{8C12D387-2CB2-4BD7-9B4A-AD25E375EB9E}.Custom|Mixed Platforms.Build.0 = ReleaseTest|Win32
		{8C12D387-2CB2-4BD7-9B4A-AD25E375EB9E}.Custom|Mixed Platforms.Deploy.0 = ReleaseTest|Win32
		{8C12D387-2CB2-4BD7-9B4A-AD25E375EB9E}.Custom|Win32.ActiveCfg = ReleaseTest|Win32
		{8C12D387-2CB2-4BD7-9B4A-AD25E375EB9E}.Custom|Win32.Build.0 = ReleaseTest|Win32
		{8C12D387-2CB2-4BD7-9B4A-AD25E375EB9E}.Custom|Win32.Deploy.0 = ReleaseTest|Win32
		{8C12D387-2CB2-4BD7-9B4A-AD25E375EB9E}.Custom|x64.ActiveCfg = Release|Win32
		{8C12D387-2CB2-4BD7-9B4A-AD25E375EB9E}.Custom|x64.Build.0 = Release|Win32
		{8C12D387-2CB2-4BD7-9B4A-AD25E375EB9E}.Debug_CE_Only|Any CPU.ActiveCfg = Debug_CE_Only|Win32
		{8C12D387-2CB2-4BD7-9B4A-AD25E375EB9E}.Debug_CE_Only|ARM.ActiveCfg = Debug_CE_Only|Win32
		{8C12D387-2CB2-4BD7-9B4A-AD25E375EB9E}.Debug_CE_Only|Mixed Platforms.ActiveCfg = Debug_CE_Only|Win32
		{8C12D387-2CB2-4BD7-9B4A-AD25E375EB9E}.Debug_CE_Only|Mixed Platforms.Build.0 = Debug_CE_Only|Win32
		{8C12D387-2CB2-4BD7-9B4A-AD25E375EB9E}.Debug_CE_Only|Win32.ActiveCfg = Debug_CE_Only|Win32
		{8C12D387-2CB2-4BD7-9B4A-AD25E375EB9E}.Debug_CE_Only|Win32.Build.0 = Debug_CE_Only|Win32
		{8C12D387-2CB2-4BD7-9B4A-AD25E375EB9E}.Debug_CE_Only|x64.ActiveCfg = Debug_CE_Only|Win32
		{8C12D387-2CB2-4BD7-9B4A-AD25E375EB9E}.Debug_DC_Only|Any CPU.ActiveCfg = Debug_DC_Only|Win32
		{8C12D387-2CB2-4BD7-9B4A-AD25E375EB9E}.Debug_DC_Only|ARM.ActiveCfg = Debug_DC_Only|Win32
		{8C12D387-2CB2-4BD7-9B4A-AD25E375EB9E}.Debug_DC_Only|Mixed Platforms.ActiveCfg = Debug_DC_Only|Win32
		{8C12D387-2CB2-4BD7-9B4A-AD25E375EB9E}.Debug_DC_Only|Mixed Platforms.Build.0 = Debug_DC_Only|Win32
		{8C12D387-2CB2-4BD7-9B4A-AD25E375EB9E}.Debug_DC_Only|Win32.ActiveCfg = Debug_DC_Only|Win32
		{8C12D387-2CB2-4BD7-9B4A-AD25E375EB9E}.Debug_DC_Only|Win32.Build.0 = Debug_DC_Only|Win32
		{8C12D387-2CB2-4BD7-9B4A-AD25E375EB9E}.Debug_DC_Only|x64.ActiveCfg = Debug_DC_Only|Win32
		{8C12D387-2CB2-4BD7-9B4A-AD25E375EB9E}.Debug|Any CPU.ActiveCfg = Debug|Win32
		{8C12D387-2CB2-4BD7-9B4A-AD25E375EB9E}.Debug|ARM.ActiveCfg = Debug|Win32
		{8C12D387-2CB2-4BD7-9B4A-AD25E375EB9E}.Debug|Mixed Platforms.ActiveCfg = Debug|Win32
		{8C12D387-2CB2-4BD7-9B4A-AD25E375EB9E}.Debug|Mixed Platforms.Build.0 = Debug|Win32
		{8C12D387-2CB2-4BD7-9B4A-AD25E375EB9E}.Debug|Win32.ActiveCfg = Debug|Win32
		{8C12D387-2CB2-4BD7-9B4A-AD25E375EB9E}.Debug|Win32.Build.0 = Debug|Win32
		{8C12D387-2CB2-4BD7-9B4A-AD25E375EB9E}.Debug|x64.ActiveCfg = Debug|Win32
		{8C12D387-2CB2-4BD7-9B4A-AD25E375EB9E}.DVD-10|Any CPU.ActiveCfg = ReleaseTest|Win32
		{8C12D387-2CB2-4BD7-9B4A-AD25E375EB9E}.DVD-10|Any CPU.Build.0 = ReleaseTest|Win32
		{8C12D387-2CB2-4BD7-9B4A-AD25E375EB9E}.DVD-10|Any CPU.Deploy.0 = ReleaseTest|Win32
		{8C12D387-2CB2-4BD7-9B4A-AD25E375EB9E}.DVD-10|ARM.ActiveCfg = Release|Win32
		{8C12D387-2CB2-4BD7-9B4A-AD25E375EB9E}.DVD-10|ARM.Build.0 = Release|Win32
		{8C12D387-2CB2-4BD7-9B4A-AD25E375EB9E}.DVD-10|Mixed Platforms.ActiveCfg = Debug|Win32
		{8C12D387-2CB2-4BD7-9B4A-AD25E375EB9E}.DVD-10|Mixed Platforms.Build.0 = Debug|Win32
		{8C12D387-2CB2-4BD7-9B4A-AD25E375EB9E}.DVD-10|Mixed Platforms.Deploy.0 = Debug|Win32
		{8C12D387-2CB2-4BD7-9B4A-AD25E375EB9E}.DVD-10|Win32.ActiveCfg = Debug|Win32
		{8C12D387-2CB2-4BD7-9B4A-AD25E375EB9E}.DVD-10|Win32.Build.0 = Debug|Win32
		{8C12D387-2CB2-4BD7-9B4A-AD25E375EB9E}.DVD-10|Win32.Deploy.0 = Debug|Win32
		{8C12D387-2CB2-4BD7-9B4A-AD25E375EB9E}.DVD-10|x64.ActiveCfg = Release|Win32
		{8C12D387-2CB2-4BD7-9B4A-AD25E375EB9E}.DVD-10|x64.Build.0 = Release|Win32
		{8C12D387-2CB2-4BD7-9B4A-AD25E375EB9E}.DVD-18|Any CPU.ActiveCfg = ReleaseTest|Win32
		{8C12D387-2CB2-4BD7-9B4A-AD25E375EB9E}.DVD-18|Any CPU.Build.0 = ReleaseTest|Win32
		{8C12D387-2CB2-4BD7-9B4A-AD25E375EB9E}.DVD-18|Any CPU.Deploy.0 = ReleaseTest|Win32
		{8C12D387-2CB2-4BD7-9B4A-AD25E375EB9E}.DVD-18|ARM.ActiveCfg = Release|Win32
		{8C12D387-2CB2-4BD7-9B4A-AD25E375EB9E}.DVD-18|ARM.Build.0 = Release|Win32
		{8C12D387-2CB2-4BD7-9B4A-AD25E375EB9E}.DVD-18|Mixed Platforms.ActiveCfg = Debug|Win32
		{8C12D387-2CB2-4BD7-9B4A-AD25E375EB9E}.DVD-18|Mixed Platforms.Build.0 = Debug|Win32
		{8C12D387-2CB2-4BD7-9B4A-AD25E375EB9E}.DVD-18|Mixed Platforms.Deploy.0 = Debug|Win32
		{8C12D387-2CB2-4BD7-9B4A-AD25E375EB9E}.DVD-18|Win32.ActiveCfg = Debug|Win32
		{8C12D387-2CB2-4BD7-9B4A-AD25E375EB9E}.DVD-18|Win32.Build.0 = Debug|Win32
		{8C12D387-2CB2-4BD7-9B4A-AD25E375EB9E}.DVD-18|Win32.Deploy.0 = Debug|Win32
		{8C12D387-2CB2-4BD7-9B4A-AD25E375EB9E}.DVD-18|x64.ActiveCfg = Release|Win32
		{8C12D387-2CB2-4BD7-9B4A-AD25E375EB9E}.DVD-18|x64.Build.0 = Release|Win32
		{8C12D387-2CB2-4BD7-9B4A-AD25E375EB9E}.DVD-5|Any CPU.ActiveCfg = ReleaseTest|Win32
		{8C12D387-2CB2-4BD7-9B4A-AD25E375EB9E}.DVD-5|Any CPU.Build.0 = ReleaseTest|Win32
		{8C12D387-2CB2-4BD7-9B4A-AD25E375EB9E}.DVD-5|Any CPU.Deploy.0 = ReleaseTest|Win32
		{8C12D387-2CB2-4BD7-9B4A-AD25E375EB9E}.DVD-5|ARM.ActiveCfg = Release|Win32
		{8C12D387-2CB2-4BD7-9B4A-AD25E375EB9E}.DVD-5|ARM.Build.0 = Release|Win32
		{8C12D387-2CB2-4BD7-9B4A-AD25E375EB9E}.DVD-5|Mixed Platforms.ActiveCfg = Debug|Win32
		{8C12D387-2CB2-4BD7-9B4A-AD25E375EB9E}.DVD-5|Mixed Platforms.Build.0 = Debug|Win32
		{8C12D387-2CB2-4BD7-9B4A-AD25E375EB9E}.DVD-5|Mixed Platforms.Deploy.0 = Debug|Win32
		{8C12D387-2CB2-4BD7-9B4A-AD25E375EB9E}.DVD-5|Win32.ActiveCfg = Debug|Win32
		{8C12D387-2CB2-4BD7-9B4A-AD25E375EB9E}.DVD-5|Win32.Build.0 = Debug|Win32
		{8C12D387-2CB2-4BD7-9B4A-AD25E375EB9E}.DVD-5|Win32.Deploy.0 = Debug|Win32
		{8C12D387-2CB2-4BD7-9B4A-AD25E375EB9E}.DVD-5|x64.ActiveCfg = Release|Win32
		{8C12D387-2CB2-4BD7-9B4A-AD25E375EB9E}.DVD-5|x64.Build.0 = Release|Win32
		{8C12D387-2CB2-4BD7-9B4A-AD25E375EB9E}.DVD-9|Any CPU.ActiveCfg = ReleaseTest|Win32
		{8C12D387-2CB2-4BD7-9B4A-AD25E375EB9E}.DVD-9|Any CPU.Build.0 = ReleaseTest|Win32
		{8C12D387-2CB2-4BD7-9B4A-AD25E375EB9E}.DVD-9|Any CPU.Deploy.0 = ReleaseTest|Win32
		{8C12D387-2CB2-4BD7-9B4A-AD25E375EB9E}.DVD-9|ARM.ActiveCfg = Release|Win32
		{8C12D387-2CB2-4BD7-9B4A-AD25E375EB9E}.DVD-9|ARM.Build.0 = Release|Win32
		{8C12D387-2CB2-4BD7-9B4A-AD25E375EB9E}.DVD-9|Mixed Platforms.ActiveCfg = Debug|Win32
		{8C12D387-2CB2-4BD7-9B4A-AD25E375EB9E}.DVD-9|Mixed Platforms.Build.0 = Debug|Win32
		{8C12D387-2CB2-4BD7-9B4A-AD25E375EB9E}.DVD-9|Mixed Platforms.Deploy.0 = Debug|Win32
		{8C12D387-2CB2-4BD7-9B4A-AD25E375EB9E}.DVD-9|Win32.ActiveCfg = Debug|Win32
		{8C12D387-2CB2-4BD7-9B4A-AD25E375EB9E}.DVD-9|Win32.Build.0 = Debug|Win32
		{8C12D387-2CB2-4BD7-9B4A-AD25E375EB9E}.DVD-9|Win32.Deploy.0 = Debug|Win32
		{8C12D387-2CB2-4BD7-9B4A-AD25E375EB9E}.DVD-9|x64.ActiveCfg = Release|Win32
		{8C12D387-2CB2-4BD7-9B4A-AD25E375EB9E}.DVD-9|x64.Build.0 = Release|Win32
		{8C12D387-2CB2-4BD7-9B4A-AD25E375EB9E}.Release_CE_Only|Any CPU.ActiveCfg = Release_CE_Only|Win32
		{8C12D387-2CB2-4BD7-9B4A-AD25E375EB9E}.Release_CE_Only|ARM.ActiveCfg = Release_CE_Only|Win32
		{8C12D387-2CB2-4BD7-9B4A-AD25E375EB9E}.Release_CE_Only|Mixed Platforms.ActiveCfg = Release_CE_Only|Win32
		{8C12D387-2CB2-4BD7-9B4A-AD25E375EB9E}.Release_CE_Only|Mixed Platforms.Build.0 = Release_CE_Only|Win32
		{8C12D387-2CB2-4BD7-9B4A-AD25E375EB9E}.Release_CE_Only|Win32.ActiveCfg = Release_CE_Only|Win32
		{8C12D387-2CB2-4BD7-9B4A-AD25E375EB9E}.Release_CE_Only|Win32.Build.0 = Release_CE_Only|Win32
		{8C12D387-2CB2-4BD7-9B4A-AD25E375EB9E}.Release_CE_Only|x64.ActiveCfg = Release_CE_Only|Win32
		{8C12D387-2CB2-4BD7-9B4A-AD25E375EB9E}.Release_DC_Only|Any CPU.ActiveCfg = Release_DC_Only|Win32
		{8C12D387-2CB2-4BD7-9B4A-AD25E375EB9E}.Release_DC_Only|ARM.ActiveCfg = Release_DC_Only|Win32
		{8C12D387-2CB2-4BD7-9B4A-AD25E375EB9E}.Release_DC_Only|Mixed Platforms.ActiveCfg = Release_DC_Only|Win32
		{8C12D387-2CB2-4BD7-9B4A-AD25E375EB9E}.Release_DC_Only|Mixed Platforms.Build.0 = Release_DC_Only|Win32
		{8C12D387-2CB2-4BD7-9B4A-AD25E375EB9E}.Release_DC_Only|Win32.ActiveCfg = Release_DC_Only|Win32
		{8C12D387-2CB2-4BD7-9B4A-AD25E375EB9E}.Release_DC_Only|Win32.Build.0 = Release_DC_Only|Win32
		{8C12D387-2CB2-4BD7-9B4A-AD25E375EB9E}.Release_DC_Only|x64.ActiveCfg = Release_DC_Only|Win32
		{8C12D387-2CB2-4BD7-9B4A-AD25E375EB9E}.Release|Any CPU.ActiveCfg = Release|Win32
		{8C12D387-2CB2-4BD7-9B4A-AD25E375EB9E}.Release|ARM.ActiveCfg = Release|Win32
		{8C12D387-2CB2-4BD7-9B4A-AD25E375EB9E}.Release|Mixed Platforms.ActiveCfg = Release|Win32
		{8C12D387-2CB2-4BD7-9B4A-AD25E375EB9E}.Release|Mixed Platforms.Build.0 = Release|Win32
		{8C12D387-2CB2-4BD7-9B4A-AD25E375EB9E}.Release|Win32.ActiveCfg = Release|Win32
		{8C12D387-2CB2-4BD7-9B4A-AD25E375EB9E}.Release|Win32.Build.0 = Release|Win32
		{8C12D387-2CB2-4BD7-9B4A-AD25E375EB9E}.Release|x64.ActiveCfg = Release|Win32
		{8C12D387-2CB2-4BD7-9B4A-AD25E375EB9E}.ReleaseTest|Any CPU.ActiveCfg = ReleaseTest|Win32
		{8C12D387-2CB2-4BD7-9B4A-AD25E375EB9E}.ReleaseTest|ARM.ActiveCfg = ReleaseTest|Win32
		{8C12D387-2CB2-4BD7-9B4A-AD25E375EB9E}.ReleaseTest|Mixed Platforms.ActiveCfg = Release_CE_Only|Win32
		{8C12D387-2CB2-4BD7-9B4A-AD25E375EB9E}.ReleaseTest|Mixed Platforms.Build.0 = Release_CE_Only|Win32
		{8C12D387-2CB2-4BD7-9B4A-AD25E375EB9E}.ReleaseTest|Win32.ActiveCfg = ReleaseTest|Win32
		{8C12D387-2CB2-4BD7-9B4A-AD25E375EB9E}.ReleaseTest|Win32.Build.0 = ReleaseTest|Win32
		{8C12D387-2CB2-4BD7-9B4A-AD25E375EB9E}.ReleaseTest|x64.ActiveCfg = ReleaseTest|Win32
		{8C12D387-2CB2-4BD7-9B4A-AD25E375EB9E}.SingleImage|Any CPU.ActiveCfg = ReleaseTest|Win32
		{8C12D387-2CB2-4BD7-9B4A-AD25E375EB9E}.SingleImage|Any CPU.Build.0 = ReleaseTest|Win32
		{8C12D387-2CB2-4BD7-9B4A-AD25E375EB9E}.SingleImage|Any CPU.Deploy.0 = ReleaseTest|Win32
		{8C12D387-2CB2-4BD7-9B4A-AD25E375EB9E}.SingleImage|ARM.ActiveCfg = Release|Win32
		{8C12D387-2CB2-4BD7-9B4A-AD25E375EB9E}.SingleImage|ARM.Build.0 = Release|Win32
		{8C12D387-2CB2-4BD7-9B4A-AD25E375EB9E}.SingleImage|Mixed Platforms.ActiveCfg = ReleaseTest|Win32
		{8C12D387-2CB2-4BD7-9B4A-AD25E375EB9E}.SingleImage|Mixed Platforms.Build.0 = ReleaseTest|Win32
		{8C12D387-2CB2-4BD7-9B4A-AD25E375EB9E}.SingleImage|Mixed Platforms.Deploy.0 = ReleaseTest|Win32
		{8C12D387-2CB2-4BD7-9B4A-AD25E375EB9E}.SingleImage|Win32.ActiveCfg = ReleaseTest|Win32
		{8C12D387-2CB2-4BD7-9B4A-AD25E375EB9E}.SingleImage|Win32.Build.0 = ReleaseTest|Win32
		{8C12D387-2CB2-4BD7-9B4A-AD25E375EB9E}.SingleImage|Win32.Deploy.0 = ReleaseTest|Win32
		{8C12D387-2CB2-4BD7-9B4A-AD25E375EB9E}.SingleImage|x64.ActiveCfg = Release|Win32
		{8C12D387-2CB2-4BD7-9B4A-AD25E375EB9E}.SingleImage|x64.Build.0 = Release|Win32
		{8C12D387-2CB2-4BD7-9B4A-AD25E375EB9E}.WebDeployment|Any CPU.ActiveCfg = ReleaseTest|Win32
		{8C12D387-2CB2-4BD7-9B4A-AD25E375EB9E}.WebDeployment|Any CPU.Build.0 = ReleaseTest|Win32
		{8C12D387-2CB2-4BD7-9B4A-AD25E375EB9E}.WebDeployment|Any CPU.Deploy.0 = ReleaseTest|Win32
		{8C12D387-2CB2-4BD7-9B4A-AD25E375EB9E}.WebDeployment|ARM.ActiveCfg = Release|Win32
		{8C12D387-2CB2-4BD7-9B4A-AD25E375EB9E}.WebDeployment|ARM.Build.0 = Release|Win32
		{8C12D387-2CB2-4BD7-9B4A-AD25E375EB9E}.WebDeployment|Mixed Platforms.ActiveCfg = ReleaseTest|Win32
		{8C12D387-2CB2-4BD7-9B4A-AD25E375EB9E}.WebDeployment|Mixed Platforms.Build.0 = ReleaseTest|Win32
		{8C12D387-2CB2-4BD7-9B4A-AD25E375EB9E}.WebDeployment|Mixed Platforms.Deploy.0 = ReleaseTest|Win32
		{8C12D387-2CB2-4BD7-9B4A-AD25E375EB9E}.WebDeployment|Win32.ActiveCfg = ReleaseTest|Win32
		{8C12D387-2CB2-4BD7-9B4A-AD25E375EB9E}.WebDeployment|Win32.Build.0 = ReleaseTest|Win32
		{8C12D387-2CB2-4BD7-9B4A-AD25E375EB9E}.WebDeployment|Win32.Deploy.0 = ReleaseTest|Win32
		{8C12D387-2CB2-4BD7-9B4A-AD25E375EB9E}.WebDeployment|x64.ActiveCfg = Release|Win32
		{8C12D387-2CB2-4BD7-9B4A-AD25E375EB9E}.WebDeployment|x64.Build.0 = Release|Win32
		{8D456998-F4A5-4DB9-8398-A2382098351A}.CD_ROM|Any CPU.ActiveCfg = ReleaseTest|Win32
		{8D456998-F4A5-4DB9-8398-A2382098351A}.CD_ROM|Any CPU.Build.0 = ReleaseTest|Win32
		{8D456998-F4A5-4DB9-8398-A2382098351A}.CD_ROM|Any CPU.Deploy.0 = ReleaseTest|Win32
		{8D456998-F4A5-4DB9-8398-A2382098351A}.CD_ROM|ARM.ActiveCfg = Release|Win32
		{8D456998-F4A5-4DB9-8398-A2382098351A}.CD_ROM|ARM.Build.0 = Release|Win32
		{8D456998-F4A5-4DB9-8398-A2382098351A}.CD_ROM|ARM.Deploy.0 = Release|Win32
		{8D456998-F4A5-4DB9-8398-A2382098351A}.CD_ROM|Mixed Platforms.ActiveCfg = ReleaseTest|Win32
		{8D456998-F4A5-4DB9-8398-A2382098351A}.CD_ROM|Mixed Platforms.Build.0 = ReleaseTest|Win32
		{8D456998-F4A5-4DB9-8398-A2382098351A}.CD_ROM|Mixed Platforms.Deploy.0 = ReleaseTest|Win32
		{8D456998-F4A5-4DB9-8398-A2382098351A}.CD_ROM|Win32.ActiveCfg = ReleaseTest|Win32
		{8D456998-F4A5-4DB9-8398-A2382098351A}.CD_ROM|Win32.Build.0 = ReleaseTest|Win32
		{8D456998-F4A5-4DB9-8398-A2382098351A}.CD_ROM|Win32.Deploy.0 = ReleaseTest|Win32
		{8D456998-F4A5-4DB9-8398-A2382098351A}.CD_ROM|x64.ActiveCfg = Release|Win32
		{8D456998-F4A5-4DB9-8398-A2382098351A}.CD_ROM|x64.Build.0 = Release|Win32
		{8D456998-F4A5-4DB9-8398-A2382098351A}.CD_ROM|x64.Deploy.0 = Release|Win32
		{8D456998-F4A5-4DB9-8398-A2382098351A}.Custom|Any CPU.ActiveCfg = ReleaseTest|Win32
		{8D456998-F4A5-4DB9-8398-A2382098351A}.Custom|Any CPU.Build.0 = ReleaseTest|Win32
		{8D456998-F4A5-4DB9-8398-A2382098351A}.Custom|Any CPU.Deploy.0 = ReleaseTest|Win32
		{8D456998-F4A5-4DB9-8398-A2382098351A}.Custom|ARM.ActiveCfg = Release|Win32
		{8D456998-F4A5-4DB9-8398-A2382098351A}.Custom|ARM.Build.0 = Release|Win32
		{8D456998-F4A5-4DB9-8398-A2382098351A}.Custom|ARM.Deploy.0 = Release|Win32
		{8D456998-F4A5-4DB9-8398-A2382098351A}.Custom|Mixed Platforms.ActiveCfg = ReleaseTest|Win32
		{8D456998-F4A5-4DB9-8398-A2382098351A}.Custom|Mixed Platforms.Build.0 = ReleaseTest|Win32
		{8D456998-F4A5-4DB9-8398-A2382098351A}.Custom|Mixed Platforms.Deploy.0 = ReleaseTest|Win32
		{8D456998-F4A5-4DB9-8398-A2382098351A}.Custom|Win32.ActiveCfg = ReleaseTest|Win32
		{8D456998-F4A5-4DB9-8398-A2382098351A}.Custom|Win32.Build.0 = ReleaseTest|Win32
		{8D456998-F4A5-4DB9-8398-A2382098351A}.Custom|Win32.Deploy.0 = ReleaseTest|Win32
		{8D456998-F4A5-4DB9-8398-A2382098351A}.Custom|x64.ActiveCfg = Release|Win32
		{8D456998-F4A5-4DB9-8398-A2382098351A}.Custom|x64.Build.0 = Release|Win32
		{8D456998-F4A5-4DB9-8398-A2382098351A}.Custom|x64.Deploy.0 = Release|Win32
		{8D456998-F4A5-4DB9-8398-A2382098351A}.Debug_CE_Only|Any CPU.ActiveCfg = Debug|Win32
		{8D456998-F4A5-4DB9-8398-A2382098351A}.Debug_CE_Only|ARM.ActiveCfg = Release|Win32
		{8D456998-F4A5-4DB9-8398-A2382098351A}.Debug_CE_Only|ARM.Build.0 = Release|Win32
		{8D456998-F4A5-4DB9-8398-A2382098351A}.Debug_CE_Only|ARM.Deploy.0 = Release|Win32
		{8D456998-F4A5-4DB9-8398-A2382098351A}.Debug_CE_Only|Mixed Platforms.ActiveCfg = Debug|Win32
		{8D456998-F4A5-4DB9-8398-A2382098351A}.Debug_CE_Only|Mixed Platforms.Build.0 = Debug|Win32
		{8D456998-F4A5-4DB9-8398-A2382098351A}.Debug_CE_Only|Win32.ActiveCfg = Debug|Win32
		{8D456998-F4A5-4DB9-8398-A2382098351A}.Debug_CE_Only|Win32.Build.0 = Debug|Win32
		{8D456998-F4A5-4DB9-8398-A2382098351A}.Debug_CE_Only|x64.ActiveCfg = Release|Win32
		{8D456998-F4A5-4DB9-8398-A2382098351A}.Debug_CE_Only|x64.Build.0 = Release|Win32
		{8D456998-F4A5-4DB9-8398-A2382098351A}.Debug_CE_Only|x64.Deploy.0 = Release|Win32
		{8D456998-F4A5-4DB9-8398-A2382098351A}.Debug_DC_Only|Any CPU.ActiveCfg = Debug|Win32
		{8D456998-F4A5-4DB9-8398-A2382098351A}.Debug_DC_Only|ARM.ActiveCfg = Release|Win32
		{8D456998-F4A5-4DB9-8398-A2382098351A}.Debug_DC_Only|ARM.Build.0 = Release|Win32
		{8D456998-F4A5-4DB9-8398-A2382098351A}.Debug_DC_Only|ARM.Deploy.0 = Release|Win32
		{8D456998-F4A5-4DB9-8398-A2382098351A}.Debug_DC_Only|Mixed Platforms.ActiveCfg = Debug|Win32
		{8D456998-F4A5-4DB9-8398-A2382098351A}.Debug_DC_Only|Mixed Platforms.Build.0 = Debug|Win32
		{8D456998-F4A5-4DB9-8398-A2382098351A}.Debug_DC_Only|Win32.ActiveCfg = Debug|Win32
		{8D456998-F4A5-4DB9-8398-A2382098351A}.Debug_DC_Only|Win32.Build.0 = Debug|Win32
		{8D456998-F4A5-4DB9-8398-A2382098351A}.Debug_DC_Only|x64.ActiveCfg = Release|Win32
		{8D456998-F4A5-4DB9-8398-A2382098351A}.Debug_DC_Only|x64.Build.0 = Release|Win32
		{8D456998-F4A5-4DB9-8398-A2382098351A}.Debug_DC_Only|x64.Deploy.0 = Release|Win32
		{8D456998-F4A5-4DB9-8398-A2382098351A}.Debug|Any CPU.ActiveCfg = Debug|Win32
		{8D456998-F4A5-4DB9-8398-A2382098351A}.Debug|ARM.ActiveCfg = Debug|Win32
		{8D456998-F4A5-4DB9-8398-A2382098351A}.Debug|Mixed Platforms.ActiveCfg = Debug|Win32
		{8D456998-F4A5-4DB9-8398-A2382098351A}.Debug|Mixed Platforms.Build.0 = Debug|Win32
		{8D456998-F4A5-4DB9-8398-A2382098351A}.Debug|Win32.ActiveCfg = Debug|Win32
		{8D456998-F4A5-4DB9-8398-A2382098351A}.Debug|Win32.Build.0 = Debug|Win32
		{8D456998-F4A5-4DB9-8398-A2382098351A}.Debug|x64.ActiveCfg = Debug|Win32
		{8D456998-F4A5-4DB9-8398-A2382098351A}.DVD-10|Any CPU.ActiveCfg = ReleaseTest|Win32
		{8D456998-F4A5-4DB9-8398-A2382098351A}.DVD-10|Any CPU.Build.0 = ReleaseTest|Win32
		{8D456998-F4A5-4DB9-8398-A2382098351A}.DVD-10|Any CPU.Deploy.0 = ReleaseTest|Win32
		{8D456998-F4A5-4DB9-8398-A2382098351A}.DVD-10|ARM.ActiveCfg = Release|Win32
		{8D456998-F4A5-4DB9-8398-A2382098351A}.DVD-10|ARM.Build.0 = Release|Win32
		{8D456998-F4A5-4DB9-8398-A2382098351A}.DVD-10|ARM.Deploy.0 = Release|Win32
		{8D456998-F4A5-4DB9-8398-A2382098351A}.DVD-10|Mixed Platforms.ActiveCfg = Debug|Win32
		{8D456998-F4A5-4DB9-8398-A2382098351A}.DVD-10|Mixed Platforms.Build.0 = Debug|Win32
		{8D456998-F4A5-4DB9-8398-A2382098351A}.DVD-10|Mixed Platforms.Deploy.0 = Debug|Win32
		{8D456998-F4A5-4DB9-8398-A2382098351A}.DVD-10|Win32.ActiveCfg = Debug|Win32
		{8D456998-F4A5-4DB9-8398-A2382098351A}.DVD-10|Win32.Build.0 = Debug|Win32
		{8D456998-F4A5-4DB9-8398-A2382098351A}.DVD-10|Win32.Deploy.0 = Debug|Win32
		{8D456998-F4A5-4DB9-8398-A2382098351A}.DVD-10|x64.ActiveCfg = Release|Win32
		{8D456998-F4A5-4DB9-8398-A2382098351A}.DVD-10|x64.Build.0 = Release|Win32
		{8D456998-F4A5-4DB9-8398-A2382098351A}.DVD-10|x64.Deploy.0 = Release|Win32
		{8D456998-F4A5-4DB9-8398-A2382098351A}.DVD-18|Any CPU.ActiveCfg = ReleaseTest|Win32
		{8D456998-F4A5-4DB9-8398-A2382098351A}.DVD-18|Any CPU.Build.0 = ReleaseTest|Win32
		{8D456998-F4A5-4DB9-8398-A2382098351A}.DVD-18|Any CPU.Deploy.0 = ReleaseTest|Win32
		{8D456998-F4A5-4DB9-8398-A2382098351A}.DVD-18|ARM.ActiveCfg = Release|Win32
		{8D456998-F4A5-4DB9-8398-A2382098351A}.DVD-18|ARM.Build.0 = Release|Win32
		{8D456998-F4A5-4DB9-8398-A2382098351A}.DVD-18|ARM.Deploy.0 = Release|Win32
		{8D456998-F4A5-4DB9-8398-A2382098351A}.DVD-18|Mixed Platforms.ActiveCfg = Debug|Win32
		{8D456998-F4A5-4DB9-8398-A2382098351A}.DVD-18|Mixed Platforms.Build.0 = Debug|Win32
		{8D456998-F4A5-4DB9-8398-A2382098351A}.DVD-18|Mixed Platforms.Deploy.0 = Debug|Win32
		{8D456998-F4A5-4DB9-8398-A2382098351A}.DVD-18|Win32.ActiveCfg = Debug|Win32
		{8D456998-F4A5-4DB9-8398-A2382098351A}.DVD-18|Win32.Build.0 = Debug|Win32
		{8D456998-F4A5-4DB9-8398-A2382098351A}.DVD-18|Win32.Deploy.0 = Debug|Win32
		{8D456998-F4A5-4DB9-8398-A2382098351A}.DVD-18|x64.ActiveCfg = Release|Win32
		{8D456998-F4A5-4DB9-8398-A2382098351A}.DVD-18|x64.Build.0 = Release|Win32
		{8D456998-F4A5-4DB9-8398-A2382098351A}.DVD-18|x64.Deploy.0 = Release|Win32
		{8D456998-F4A5-4DB9-8398-A2382098351A}.DVD-5|Any CPU.ActiveCfg = ReleaseTest|Win32
		{8D456998-F4A5-4DB9-8398-A2382098351A}.DVD-5|Any CPU.Build.0 = ReleaseTest|Win32
		{8D456998-F4A5-4DB9-8398-A2382098351A}.DVD-5|Any CPU.Deploy.0 = ReleaseTest|Win32
		{8D456998-F4A5-4DB9-8398-A2382098351A}.DVD-5|ARM.ActiveCfg = Release|Win32
		{8D456998-F4A5-4DB9-8398-A2382098351A}.DVD-5|ARM.Build.0 = Release|Win32
		{8D456998-F4A5-4DB9-8398-A2382098351A}.DVD-5|ARM.Deploy.0 = Release|Win32
		{8D456998-F4A5-4DB9-8398-A2382098351A}.DVD-5|Mixed Platforms.ActiveCfg = Debug|Win32
		{8D456998-F4A5-4DB9-8398-A2382098351A}.DVD-5|Mixed Platforms.Build.0 = Debug|Win32
		{8D456998-F4A5-4DB9-8398-A2382098351A}.DVD-5|Mixed Platforms.Deploy.0 = Debug|Win32
		{8D456998-F4A5-4DB9-8398-A2382098351A}.DVD-5|Win32.ActiveCfg = Debug|Win32
		{8D456998-F4A5-4DB9-8398-A2382098351A}.DVD-5|Win32.Build.0 = Debug|Win32
		{8D456998-F4A5-4DB9-8398-A2382098351A}.DVD-5|Win32.Deploy.0 = Debug|Win32
		{8D456998-F4A5-4DB9-8398-A2382098351A}.DVD-5|x64.ActiveCfg = Release|Win32
		{8D456998-F4A5-4DB9-8398-A2382098351A}.DVD-5|x64.Build.0 = Release|Win32
		{8D456998-F4A5-4DB9-8398-A2382098351A}.DVD-5|x64.Deploy.0 = Release|Win32
		{8D456998-F4A5-4DB9-8398-A2382098351A}.DVD-9|Any CPU.ActiveCfg = ReleaseTest|Win32
		{8D456998-F4A5-4DB9-8398-A2382098351A}.DVD-9|Any CPU.Build.0 = ReleaseTest|Win32
		{8D456998-F4A5-4DB9-8398-A2382098351A}.DVD-9|Any CPU.Deploy.0 = ReleaseTest|Win32
		{8D456998-F4A5-4DB9-8398-A2382098351A}.DVD-9|ARM.ActiveCfg = Release|Win32
		{8D456998-F4A5-4DB9-8398-A2382098351A}.DVD-9|ARM.Build.0 = Release|Win32
		{8D456998-F4A5-4DB9-8398-A2382098351A}.DVD-9|ARM.Deploy.0 = Release|Win32
		{8D456998-F4A5-4DB9-8398-A2382098351A}.DVD-9|Mixed Platforms.ActiveCfg = Debug|Win32
		{8D456998-F4A5-4DB9-8398-A2382098351A}.DVD-9|Mixed Platforms.Build.0 = Debug|Win32
		{8D456998-F4A5-4DB9-8398-A2382098351A}.DVD-9|Mixed Platforms.Deploy.0 = Debug|Win32
		{8D456998-F4A5-4DB9-8398-A2382098351A}.DVD-9|Win32.ActiveCfg = Debug|Win32
		{8D456998-F4A5-4DB9-8398-A2382098351A}.DVD-9|Win32.Build.0 = Debug|Win32
		{8D456998-F4A5-4DB9-8398-A2382098351A}.DVD-9|Win32.Deploy.0 = Debug|Win32
		{8D456998-F4A5-4DB9-8398-A2382098351A}.DVD-9|x64.ActiveCfg = Release|Win32
		{8D456998-F4A5-4DB9-8398-A2382098351A}.DVD-9|x64.Build.0 = Release|Win32
		{8D456998-F4A5-4DB9-8398-A2382098351A}.DVD-9|x64.Deploy.0 = Release|Win32
		{8D456998-F4A5-4DB9-8398-A2382098351A}.Release_CE_Only|Any CPU.ActiveCfg = Release|Win32
		{8D456998-F4A5-4DB9-8398-A2382098351A}.Release_CE_Only|ARM.ActiveCfg = Release|Win32
		{8D456998-F4A5-4DB9-8398-A2382098351A}.Release_CE_Only|ARM.Build.0 = Release|Win32
		{8D456998-F4A5-4DB9-8398-A2382098351A}.Release_CE_Only|ARM.Deploy.0 = Release|Win32
		{8D456998-F4A5-4DB9-8398-A2382098351A}.Release_CE_Only|Mixed Platforms.ActiveCfg = Release|Win32
		{8D456998-F4A5-4DB9-8398-A2382098351A}.Release_CE_Only|Mixed Platforms.Build.0 = Release|Win32
		{8D456998-F4A5-4DB9-8398-A2382098351A}.Release_CE_Only|Win32.ActiveCfg = Release|Win32
		{8D456998-F4A5-4DB9-8398-A2382098351A}.Release_CE_Only|Win32.Build.0 = Release|Win32
		{8D456998-F4A5-4DB9-8398-A2382098351A}.Release_CE_Only|x64.ActiveCfg = Release|Win32
		{8D456998-F4A5-4DB9-8398-A2382098351A}.Release_CE_Only|x64.Build.0 = Release|Win32
		{8D456998-F4A5-4DB9-8398-A2382098351A}.Release_CE_Only|x64.Deploy.0 = Release|Win32
		{8D456998-F4A5-4DB9-8398-A2382098351A}.Release_DC_Only|Any CPU.ActiveCfg = Release|Win32
		{8D456998-F4A5-4DB9-8398-A2382098351A}.Release_DC_Only|ARM.ActiveCfg = Release|Win32
		{8D456998-F4A5-4DB9-8398-A2382098351A}.Release_DC_Only|ARM.Build.0 = Release|Win32
		{8D456998-F4A5-4DB9-8398-A2382098351A}.Release_DC_Only|ARM.Deploy.0 = Release|Win32
		{8D456998-F4A5-4DB9-8398-A2382098351A}.Release_DC_Only|Mixed Platforms.ActiveCfg = Release|Win32
		{8D456998-F4A5-4DB9-8398-A2382098351A}.Release_DC_Only|Mixed Platforms.Build.0 = Release|Win32
		{8D456998-F4A5-4DB9-8398-A2382098351A}.Release_DC_Only|Win32.ActiveCfg = Release|Win32
		{8D456998-F4A5-4DB9-8398-A2382098351A}.Release_DC_Only|Win32.Build.0 = Release|Win32
		{8D456998-F4A5-4DB9-8398-A2382098351A}.Release_DC_Only|x64.ActiveCfg = Release|Win32
		{8D456998-F4A5-4DB9-8398-A2382098351A}.Release_DC_Only|x64.Build.0 = Release|Win32
		{8D456998-F4A5-4DB9-8398-A2382098351A}.Release_DC_Only|x64.Deploy.0 = Release|Win32
		{8D456998-F4A5-4DB9-8398-A2382098351A}.Release|Any CPU.ActiveCfg = Release|Win32
		{8D456998-F4A5-4DB9-8398-A2382098351A}.Release|ARM.ActiveCfg = Release|Win32
		{8D456998-F4A5-4DB9-8398-A2382098351A}.Release|Mixed Platforms.ActiveCfg = Release|Win32
		{8D456998-F4A5-4DB9-8398-A2382098351A}.Release|Mixed Platforms.Build.0 = Release|Win32
		{8D456998-F4A5-4DB9-8398-A2382098351A}.Release|Win32.ActiveCfg = Release|Win32
		{8D456998-F4A5-4DB9-8398-A2382098351A}.Release|Win32.Build.0 = Release|Win32
		{8D456998-F4A5-4DB9-8398-A2382098351A}.Release|x64.ActiveCfg = Release|Win32
		{8D456998-F4A5-4DB9-8398-A2382098351A}.ReleaseTest|Any CPU.ActiveCfg = ReleaseTest|Win32
		{8D456998-F4A5-4DB9-8398-A2382098351A}.ReleaseTest|ARM.ActiveCfg = ReleaseTest|Win32
		{8D456998-F4A5-4DB9-8398-A2382098351A}.ReleaseTest|Mixed Platforms.ActiveCfg = Release|Win32
		{8D456998-F4A5-4DB9-8398-A2382098351A}.ReleaseTest|Mixed Platforms.Build.0 = Release|Win32
		{8D456998-F4A5-4DB9-8398-A2382098351A}.ReleaseTest|Win32.ActiveCfg = ReleaseTest|Win32
		{8D456998-F4A5-4DB9-8398-A2382098351A}.ReleaseTest|Win32.Build.0 = ReleaseTest|Win32
		{8D456998-F4A5-4DB9-8398-A2382098351A}.ReleaseTest|x64.ActiveCfg = ReleaseTest|Win32
		{8D456998-F4A5-4DB9-8398-A2382098351A}.SingleImage|Any CPU.ActiveCfg = ReleaseTest|Win32
		{8D456998-F4A5-4DB9-8398-A2382098351A}.SingleImage|Any CPU.Build.0 = ReleaseTest|Win32
		{8D456998-F4A5-4DB9-8398-A2382098351A}.SingleImage|Any CPU.Deploy.0 = ReleaseTest|Win32
		{8D456998-F4A5-4DB9-8398-A2382098351A}.SingleImage|ARM.ActiveCfg = Release|Win32
		{8D456998-F4A5-4DB9-8398-A2382098351A}.SingleImage|ARM.Build.0 = Release|Win32
		{8D456998-F4A5-4DB9-8398-A2382098351A}.SingleImage|ARM.Deploy.0 = Release|Win32
		{8D456998-F4A5-4DB9-8398-A2382098351A}.SingleImage|Mixed Platforms.ActiveCfg = ReleaseTest|Win32
		{8D456998-F4A5-4DB9-8398-A2382098351A}.SingleImage|Mixed Platforms.Build.0 = ReleaseTest|Win32
		{8D456998-F4A5-4DB9-8398-A2382098351A}.SingleImage|Mixed Platforms.Deploy.0 = ReleaseTest|Win32
		{8D456998-F4A5-4DB9-8398-A2382098351A}.SingleImage|Win32.ActiveCfg = ReleaseTest|Win32
		{8D456998-F4A5-4DB9-8398-A2382098351A}.SingleImage|Win32.Build.0 = ReleaseTest|Win32
		{8D456998-F4A5-4DB9-8398-A2382098351A}.SingleImage|Win32.Deploy.0 = ReleaseTest|Win32
		{8D456998-F4A5-4DB9-8398-A2382098351A}.SingleImage|x64.ActiveCfg = Release|Win32
		{8D456998-F4A5-4DB9-8398-A2382098351A}.SingleImage|x64.Build.0 = Release|Win32
		{8D456998-F4A5-4DB9-8398-A2382098351A}.SingleImage|x64.Deploy.0 = Release|Win32
		{8D456998-F4A5-4DB9-8398-A2382098351A}.WebDeployment|Any CPU.ActiveCfg = ReleaseTest|Win32
		{8D456998-F4A5-4DB9-8398-A2382098351A}.WebDeployment|Any CPU.Build.0 = ReleaseTest|Win32
		{8D456998-F4A5-4DB9-8398-A2382098351A}.WebDeployment|Any CPU.Deploy.0 = ReleaseTest|Win32
		{8D456998-F4A5-4DB9-8398-A2382098351A}.WebDeployment|ARM.ActiveCfg = Release|Win32
		{8D456998-F4A5-4DB9-8398-A2382098351A}.WebDeployment|ARM.Build.0 = Release|Win32
		{8D456998-F4A5-4DB9-8398-A2382098351A}.WebDeployment|ARM.Deploy.0 = Release|Win32
		{8D456998-F4A5-4DB9-8398-A2382098351A}.WebDeployment|Mixed Platforms.ActiveCfg = ReleaseTest|Win32
		{8D456998-F4A5-4DB9-8398-A2382098351A}.WebDeployment|Mixed Platforms.Build.0 = ReleaseTest|Win32
		{8D456998-F4A5-4DB9-8398-A2382098351A}.WebDeployment|Mixed Platforms.Deploy.0 = ReleaseTest|Win32
		{8D456998-F4A5-4DB9-8398-A2382098351A}.WebDeployment|Win32.ActiveCfg = ReleaseTest|Win32
		{8D456998-F4A5-4DB9-8398-A2382098351A}.WebDeployment|Win32.Build.0 = ReleaseTest|Win32
		{8D456998-F4A5-4DB9-8398-A2382098351A}.WebDeployment|Win32.Deploy.0 = ReleaseTest|Win32
		{8D456998-F4A5-4DB9-8398-A2382098351A}.WebDeployment|x64.ActiveCfg = Release|Win32
		{8D456998-F4A5-4DB9-8398-A2382098351A}.WebDeployment|x64.Build.0 = Release|Win32
		{8D456998-F4A5-4DB9-8398-A2382098351A}.WebDeployment|x64.Deploy.0 = Release|Win32
		{057AA2AF-BEE1-4F61-9379-E442AB8279E7}.CD_ROM|Any CPU.ActiveCfg = ReleaseTest|Any CPU
		{057AA2AF-BEE1-4F61-9379-E442AB8279E7}.CD_ROM|Any CPU.Build.0 = ReleaseTest|Any CPU
		{057AA2AF-BEE1-4F61-9379-E442AB8279E7}.CD_ROM|ARM.ActiveCfg = Release|Any CPU
		{057AA2AF-BEE1-4F61-9379-E442AB8279E7}.CD_ROM|ARM.Build.0 = Release|Any CPU
		{057AA2AF-BEE1-4F61-9379-E442AB8279E7}.CD_ROM|Mixed Platforms.ActiveCfg = ReleaseTest|Any CPU
		{057AA2AF-BEE1-4F61-9379-E442AB8279E7}.CD_ROM|Mixed Platforms.Build.0 = ReleaseTest|Any CPU
		{057AA2AF-BEE1-4F61-9379-E442AB8279E7}.CD_ROM|Win32.ActiveCfg = ReleaseTest|Any CPU
		{057AA2AF-BEE1-4F61-9379-E442AB8279E7}.CD_ROM|Win32.Build.0 = ReleaseTest|Any CPU
		{057AA2AF-BEE1-4F61-9379-E442AB8279E7}.CD_ROM|x64.ActiveCfg = Release|Any CPU
		{057AA2AF-BEE1-4F61-9379-E442AB8279E7}.CD_ROM|x64.Build.0 = Release|Any CPU
		{057AA2AF-BEE1-4F61-9379-E442AB8279E7}.Custom|Any CPU.ActiveCfg = ReleaseTest|Any CPU
		{057AA2AF-BEE1-4F61-9379-E442AB8279E7}.Custom|Any CPU.Build.0 = ReleaseTest|Any CPU
		{057AA2AF-BEE1-4F61-9379-E442AB8279E7}.Custom|ARM.ActiveCfg = Release|Any CPU
		{057AA2AF-BEE1-4F61-9379-E442AB8279E7}.Custom|ARM.Build.0 = Release|Any CPU
		{057AA2AF-BEE1-4F61-9379-E442AB8279E7}.Custom|Mixed Platforms.ActiveCfg = ReleaseTest|Any CPU
		{057AA2AF-BEE1-4F61-9379-E442AB8279E7}.Custom|Mixed Platforms.Build.0 = ReleaseTest|Any CPU
		{057AA2AF-BEE1-4F61-9379-E442AB8279E7}.Custom|Win32.ActiveCfg = ReleaseTest|Any CPU
		{057AA2AF-BEE1-4F61-9379-E442AB8279E7}.Custom|Win32.Build.0 = ReleaseTest|Any CPU
		{057AA2AF-BEE1-4F61-9379-E442AB8279E7}.Custom|x64.ActiveCfg = Release|Any CPU
		{057AA2AF-BEE1-4F61-9379-E442AB8279E7}.Custom|x64.Build.0 = Release|Any CPU
		{057AA2AF-BEE1-4F61-9379-E442AB8279E7}.Debug_CE_Only|Any CPU.ActiveCfg = Debug|Any CPU
		{057AA2AF-BEE1-4F61-9379-E442AB8279E7}.Debug_CE_Only|Any CPU.Build.0 = Debug|Any CPU
		{057AA2AF-BEE1-4F61-9379-E442AB8279E7}.Debug_CE_Only|ARM.ActiveCfg = Debug|Any CPU
		{057AA2AF-BEE1-4F61-9379-E442AB8279E7}.Debug_CE_Only|ARM.Build.0 = Debug|Any CPU
		{057AA2AF-BEE1-4F61-9379-E442AB8279E7}.Debug_CE_Only|Mixed Platforms.ActiveCfg = Debug|Any CPU
		{057AA2AF-BEE1-4F61-9379-E442AB8279E7}.Debug_CE_Only|Mixed Platforms.Build.0 = Debug|Any CPU
		{057AA2AF-BEE1-4F61-9379-E442AB8279E7}.Debug_CE_Only|Win32.ActiveCfg = Debug|Any CPU
		{057AA2AF-BEE1-4F61-9379-E442AB8279E7}.Debug_CE_Only|x64.ActiveCfg = Debug|Any CPU
		{057AA2AF-BEE1-4F61-9379-E442AB8279E7}.Debug_CE_Only|x64.Build.0 = Debug|Any CPU
		{057AA2AF-BEE1-4F61-9379-E442AB8279E7}.Debug_DC_Only|Any CPU.ActiveCfg = Debug|Any CPU
		{057AA2AF-BEE1-4F61-9379-E442AB8279E7}.Debug_DC_Only|Any CPU.Build.0 = Debug|Any CPU
		{057AA2AF-BEE1-4F61-9379-E442AB8279E7}.Debug_DC_Only|ARM.ActiveCfg = Debug|Any CPU
		{057AA2AF-BEE1-4F61-9379-E442AB8279E7}.Debug_DC_Only|ARM.Build.0 = Debug|Any CPU
		{057AA2AF-BEE1-4F61-9379-E442AB8279E7}.Debug_DC_Only|Mixed Platforms.ActiveCfg = Debug|Any CPU
		{057AA2AF-BEE1-4F61-9379-E442AB8279E7}.Debug_DC_Only|Mixed Platforms.Build.0 = Debug|Any CPU
		{057AA2AF-BEE1-4F61-9379-E442AB8279E7}.Debug_DC_Only|Win32.ActiveCfg = Debug|Any CPU
		{057AA2AF-BEE1-4F61-9379-E442AB8279E7}.Debug_DC_Only|x64.ActiveCfg = Debug|Any CPU
		{057AA2AF-BEE1-4F61-9379-E442AB8279E7}.Debug_DC_Only|x64.Build.0 = Debug|Any CPU
		{057AA2AF-BEE1-4F61-9379-E442AB8279E7}.Debug|Any CPU.ActiveCfg = Debug|Any CPU
		{057AA2AF-BEE1-4F61-9379-E442AB8279E7}.Debug|Any CPU.Build.0 = Debug|Any CPU
		{057AA2AF-BEE1-4F61-9379-E442AB8279E7}.Debug|ARM.ActiveCfg = Debug|Any CPU
		{057AA2AF-BEE1-4F61-9379-E442AB8279E7}.Debug|ARM.Build.0 = Debug|Any CPU
		{057AA2AF-BEE1-4F61-9379-E442AB8279E7}.Debug|Mixed Platforms.ActiveCfg = Debug|Any CPU
		{057AA2AF-BEE1-4F61-9379-E442AB8279E7}.Debug|Mixed Platforms.Build.0 = Debug|Any CPU
		{057AA2AF-BEE1-4F61-9379-E442AB8279E7}.Debug|Win32.ActiveCfg = Debug|Any CPU
		{057AA2AF-BEE1-4F61-9379-E442AB8279E7}.Debug|x64.ActiveCfg = Debug|Any CPU
		{057AA2AF-BEE1-4F61-9379-E442AB8279E7}.Debug|x64.Build.0 = Debug|Any CPU
		{057AA2AF-BEE1-4F61-9379-E442AB8279E7}.DVD-10|Any CPU.ActiveCfg = Debug|Any CPU
		{057AA2AF-BEE1-4F61-9379-E442AB8279E7}.DVD-10|Any CPU.Build.0 = Debug|Any CPU
		{057AA2AF-BEE1-4F61-9379-E442AB8279E7}.DVD-10|ARM.ActiveCfg = Debug|Any CPU
		{057AA2AF-BEE1-4F61-9379-E442AB8279E7}.DVD-10|ARM.Build.0 = Debug|Any CPU
		{057AA2AF-BEE1-4F61-9379-E442AB8279E7}.DVD-10|Mixed Platforms.ActiveCfg = Debug|Any CPU
		{057AA2AF-BEE1-4F61-9379-E442AB8279E7}.DVD-10|Mixed Platforms.Build.0 = Debug|Any CPU
		{057AA2AF-BEE1-4F61-9379-E442AB8279E7}.DVD-10|Win32.ActiveCfg = Debug|Any CPU
		{057AA2AF-BEE1-4F61-9379-E442AB8279E7}.DVD-10|Win32.Build.0 = Debug|Any CPU
		{057AA2AF-BEE1-4F61-9379-E442AB8279E7}.DVD-10|x64.ActiveCfg = Debug|Any CPU
		{057AA2AF-BEE1-4F61-9379-E442AB8279E7}.DVD-10|x64.Build.0 = Debug|Any CPU
		{057AA2AF-BEE1-4F61-9379-E442AB8279E7}.DVD-18|Any CPU.ActiveCfg = Debug|Any CPU
		{057AA2AF-BEE1-4F61-9379-E442AB8279E7}.DVD-18|Any CPU.Build.0 = Debug|Any CPU
		{057AA2AF-BEE1-4F61-9379-E442AB8279E7}.DVD-18|ARM.ActiveCfg = Debug|Any CPU
		{057AA2AF-BEE1-4F61-9379-E442AB8279E7}.DVD-18|ARM.Build.0 = Debug|Any CPU
		{057AA2AF-BEE1-4F61-9379-E442AB8279E7}.DVD-18|Mixed Platforms.ActiveCfg = Debug|Any CPU
		{057AA2AF-BEE1-4F61-9379-E442AB8279E7}.DVD-18|Mixed Platforms.Build.0 = Debug|Any CPU
		{057AA2AF-BEE1-4F61-9379-E442AB8279E7}.DVD-18|Win32.ActiveCfg = Debug|Any CPU
		{057AA2AF-BEE1-4F61-9379-E442AB8279E7}.DVD-18|Win32.Build.0 = Debug|Any CPU
		{057AA2AF-BEE1-4F61-9379-E442AB8279E7}.DVD-18|x64.ActiveCfg = Debug|Any CPU
		{057AA2AF-BEE1-4F61-9379-E442AB8279E7}.DVD-18|x64.Build.0 = Debug|Any CPU
		{057AA2AF-BEE1-4F61-9379-E442AB8279E7}.DVD-5|Any CPU.ActiveCfg = Debug|Any CPU
		{057AA2AF-BEE1-4F61-9379-E442AB8279E7}.DVD-5|Any CPU.Build.0 = Debug|Any CPU
		{057AA2AF-BEE1-4F61-9379-E442AB8279E7}.DVD-5|ARM.ActiveCfg = Debug|Any CPU
		{057AA2AF-BEE1-4F61-9379-E442AB8279E7}.DVD-5|ARM.Build.0 = Debug|Any CPU
		{057AA2AF-BEE1-4F61-9379-E442AB8279E7}.DVD-5|Mixed Platforms.ActiveCfg = Debug|Any CPU
		{057AA2AF-BEE1-4F61-9379-E442AB8279E7}.DVD-5|Mixed Platforms.Build.0 = Debug|Any CPU
		{057AA2AF-BEE1-4F61-9379-E442AB8279E7}.DVD-5|Win32.ActiveCfg = Debug|Any CPU
		{057AA2AF-BEE1-4F61-9379-E442AB8279E7}.DVD-5|Win32.Build.0 = Debug|Any CPU
		{057AA2AF-BEE1-4F61-9379-E442AB8279E7}.DVD-5|x64.ActiveCfg = Debug|Any CPU
		{057AA2AF-BEE1-4F61-9379-E442AB8279E7}.DVD-5|x64.Build.0 = Debug|Any CPU
		{057AA2AF-BEE1-4F61-9379-E442AB8279E7}.DVD-9|Any CPU.ActiveCfg = Debug|Any CPU
		{057AA2AF-BEE1-4F61-9379-E442AB8279E7}.DVD-9|Any CPU.Build.0 = Debug|Any CPU
		{057AA2AF-BEE1-4F61-9379-E442AB8279E7}.DVD-9|ARM.ActiveCfg = Debug|Any CPU
		{057AA2AF-BEE1-4F61-9379-E442AB8279E7}.DVD-9|ARM.Build.0 = Debug|Any CPU
		{057AA2AF-BEE1-4F61-9379-E442AB8279E7}.DVD-9|Mixed Platforms.ActiveCfg = Debug|Any CPU
		{057AA2AF-BEE1-4F61-9379-E442AB8279E7}.DVD-9|Mixed Platforms.Build.0 = Debug|Any CPU
		{057AA2AF-BEE1-4F61-9379-E442AB8279E7}.DVD-9|Win32.ActiveCfg = Debug|Any CPU
		{057AA2AF-BEE1-4F61-9379-E442AB8279E7}.DVD-9|Win32.Build.0 = Debug|Any CPU
		{057AA2AF-BEE1-4F61-9379-E442AB8279E7}.DVD-9|x64.ActiveCfg = Debug|Any CPU
		{057AA2AF-BEE1-4F61-9379-E442AB8279E7}.DVD-9|x64.Build.0 = Debug|Any CPU
		{057AA2AF-BEE1-4F61-9379-E442AB8279E7}.Release_CE_Only|Any CPU.ActiveCfg = Release|Any CPU
		{057AA2AF-BEE1-4F61-9379-E442AB8279E7}.Release_CE_Only|Any CPU.Build.0 = Release|Any CPU
		{057AA2AF-BEE1-4F61-9379-E442AB8279E7}.Release_CE_Only|ARM.ActiveCfg = Release|Any CPU
		{057AA2AF-BEE1-4F61-9379-E442AB8279E7}.Release_CE_Only|ARM.Build.0 = Release|Any CPU
		{057AA2AF-BEE1-4F61-9379-E442AB8279E7}.Release_CE_Only|Mixed Platforms.ActiveCfg = Release|Any CPU
		{057AA2AF-BEE1-4F61-9379-E442AB8279E7}.Release_CE_Only|Mixed Platforms.Build.0 = Release|Any CPU
		{057AA2AF-BEE1-4F61-9379-E442AB8279E7}.Release_CE_Only|Win32.ActiveCfg = Release|Any CPU
		{057AA2AF-BEE1-4F61-9379-E442AB8279E7}.Release_CE_Only|x64.ActiveCfg = Release|Any CPU
		{057AA2AF-BEE1-4F61-9379-E442AB8279E7}.Release_CE_Only|x64.Build.0 = Release|Any CPU
		{057AA2AF-BEE1-4F61-9379-E442AB8279E7}.Release_DC_Only|Any CPU.ActiveCfg = Release|Any CPU
		{057AA2AF-BEE1-4F61-9379-E442AB8279E7}.Release_DC_Only|Any CPU.Build.0 = Release|Any CPU
		{057AA2AF-BEE1-4F61-9379-E442AB8279E7}.Release_DC_Only|ARM.ActiveCfg = Release|Any CPU
		{057AA2AF-BEE1-4F61-9379-E442AB8279E7}.Release_DC_Only|ARM.Build.0 = Release|Any CPU
		{057AA2AF-BEE1-4F61-9379-E442AB8279E7}.Release_DC_Only|Mixed Platforms.ActiveCfg = Release|Any CPU
		{057AA2AF-BEE1-4F61-9379-E442AB8279E7}.Release_DC_Only|Mixed Platforms.Build.0 = Release|Any CPU
		{057AA2AF-BEE1-4F61-9379-E442AB8279E7}.Release_DC_Only|Win32.ActiveCfg = Release|Any CPU
		{057AA2AF-BEE1-4F61-9379-E442AB8279E7}.Release_DC_Only|x64.ActiveCfg = Release|Any CPU
		{057AA2AF-BEE1-4F61-9379-E442AB8279E7}.Release_DC_Only|x64.Build.0 = Release|Any CPU
		{057AA2AF-BEE1-4F61-9379-E442AB8279E7}.Release|Any CPU.ActiveCfg = Release|Any CPU
		{057AA2AF-BEE1-4F61-9379-E442AB8279E7}.Release|Any CPU.Build.0 = Release|Any CPU
		{057AA2AF-BEE1-4F61-9379-E442AB8279E7}.Release|ARM.ActiveCfg = Release|Any CPU
		{057AA2AF-BEE1-4F61-9379-E442AB8279E7}.Release|ARM.Build.0 = Release|Any CPU
		{057AA2AF-BEE1-4F61-9379-E442AB8279E7}.Release|Mixed Platforms.ActiveCfg = Release|Any CPU
		{057AA2AF-BEE1-4F61-9379-E442AB8279E7}.Release|Mixed Platforms.Build.0 = Release|Any CPU
		{057AA2AF-BEE1-4F61-9379-E442AB8279E7}.Release|Win32.ActiveCfg = Release|Any CPU
		{057AA2AF-BEE1-4F61-9379-E442AB8279E7}.Release|x64.ActiveCfg = Release|Any CPU
		{057AA2AF-BEE1-4F61-9379-E442AB8279E7}.Release|x64.Build.0 = Release|Any CPU
		{057AA2AF-BEE1-4F61-9379-E442AB8279E7}.ReleaseTest|Any CPU.ActiveCfg = ReleaseTest|Any CPU
		{057AA2AF-BEE1-4F61-9379-E442AB8279E7}.ReleaseTest|Any CPU.Build.0 = ReleaseTest|Any CPU
		{057AA2AF-BEE1-4F61-9379-E442AB8279E7}.ReleaseTest|ARM.ActiveCfg = ReleaseTest|Any CPU
		{057AA2AF-BEE1-4F61-9379-E442AB8279E7}.ReleaseTest|ARM.Build.0 = ReleaseTest|Any CPU
		{057AA2AF-BEE1-4F61-9379-E442AB8279E7}.ReleaseTest|Mixed Platforms.ActiveCfg = ReleaseTest|Any CPU
		{057AA2AF-BEE1-4F61-9379-E442AB8279E7}.ReleaseTest|Mixed Platforms.Build.0 = ReleaseTest|Any CPU
		{057AA2AF-BEE1-4F61-9379-E442AB8279E7}.ReleaseTest|Win32.ActiveCfg = ReleaseTest|Any CPU
		{057AA2AF-BEE1-4F61-9379-E442AB8279E7}.ReleaseTest|x64.ActiveCfg = ReleaseTest|Any CPU
		{057AA2AF-BEE1-4F61-9379-E442AB8279E7}.ReleaseTest|x64.Build.0 = ReleaseTest|Any CPU
		{057AA2AF-BEE1-4F61-9379-E442AB8279E7}.SingleImage|Any CPU.ActiveCfg = ReleaseTest|Any CPU
		{057AA2AF-BEE1-4F61-9379-E442AB8279E7}.SingleImage|Any CPU.Build.0 = ReleaseTest|Any CPU
		{057AA2AF-BEE1-4F61-9379-E442AB8279E7}.SingleImage|ARM.ActiveCfg = Release|Any CPU
		{057AA2AF-BEE1-4F61-9379-E442AB8279E7}.SingleImage|ARM.Build.0 = Release|Any CPU
		{057AA2AF-BEE1-4F61-9379-E442AB8279E7}.SingleImage|Mixed Platforms.ActiveCfg = ReleaseTest|Any CPU
		{057AA2AF-BEE1-4F61-9379-E442AB8279E7}.SingleImage|Mixed Platforms.Build.0 = ReleaseTest|Any CPU
		{057AA2AF-BEE1-4F61-9379-E442AB8279E7}.SingleImage|Win32.ActiveCfg = ReleaseTest|Any CPU
		{057AA2AF-BEE1-4F61-9379-E442AB8279E7}.SingleImage|Win32.Build.0 = ReleaseTest|Any CPU
		{057AA2AF-BEE1-4F61-9379-E442AB8279E7}.SingleImage|x64.ActiveCfg = Release|Any CPU
		{057AA2AF-BEE1-4F61-9379-E442AB8279E7}.SingleImage|x64.Build.0 = Release|Any CPU
		{057AA2AF-BEE1-4F61-9379-E442AB8279E7}.WebDeployment|Any CPU.ActiveCfg = ReleaseTest|Any CPU
		{057AA2AF-BEE1-4F61-9379-E442AB8279E7}.WebDeployment|Any CPU.Build.0 = ReleaseTest|Any CPU
		{057AA2AF-BEE1-4F61-9379-E442AB8279E7}.WebDeployment|ARM.ActiveCfg = Release|Any CPU
		{057AA2AF-BEE1-4F61-9379-E442AB8279E7}.WebDeployment|ARM.Build.0 = Release|Any CPU
		{057AA2AF-BEE1-4F61-9379-E442AB8279E7}.WebDeployment|Mixed Platforms.ActiveCfg = ReleaseTest|Any CPU
		{057AA2AF-BEE1-4F61-9379-E442AB8279E7}.WebDeployment|Mixed Platforms.Build.0 = ReleaseTest|Any CPU
		{057AA2AF-BEE1-4F61-9379-E442AB8279E7}.WebDeployment|Win32.ActiveCfg = ReleaseTest|Any CPU
		{057AA2AF-BEE1-4F61-9379-E442AB8279E7}.WebDeployment|Win32.Build.0 = ReleaseTest|Any CPU
		{057AA2AF-BEE1-4F61-9379-E442AB8279E7}.WebDeployment|x64.ActiveCfg = Release|Any CPU
		{057AA2AF-BEE1-4F61-9379-E442AB8279E7}.WebDeployment|x64.Build.0 = Release|Any CPU
	EndGlobalSection
	GlobalSection(SolutionProperties) = preSolution
		HideSolutionNode = FALSE
	EndGlobalSection
	GlobalSection(ExtensibilityGlobals) = postSolution
		SolutionGuid = {CC55147A-37A2-4E6A-8491-635052399894}
	EndGlobalSection
EndGlobal
