
Microsoft Visual Studio Solution File, Format Version 12.00
# Visual Studio 15
VisualStudioVersion = 15.0.26403.7
MinimumVisualStudioVersion = 10.0.40219.1
Project("{8BC9CEB8-8B4A-11D0-8D11-00A0C91BC942}") = "CleanEngine_2010", "CleanEngine\CleanEngine_2005.vcxproj", "{8C12D387-2CB2-4BD7-9B4A-AD25E375EB9E}"
EndProject
Project("{8BC9CEB8-8B4A-11D0-8D11-00A0C91BC942}") = "MCleanEngine", "ManagedCleanEngine\MCleanEngine\MCleanEngine.vcxproj", "{8D456998-F4A5-4DB9-8398-A2382098351A}"
EndProject
Project("{FAE04EC0-301F-11D3-BF4B-00C04F79EFBC}") = "FrontLineGUI", "FrontLineGUI\FrontLineGUI.csproj", "{057AA2AF-BEE1-4F61-9379-E442AB8279E7}"
EndProject
Global
	GlobalSection(SolutionConfigurationPlatforms) = preSolution
		Debug_CE_Only|Any CPU = Debug_CE_Only|Any CPU
		Debug_CE_Only|Mixed Platforms = Debug_CE_Only|Mixed Platforms
		Debug_CE_Only|Win32 = Debug_CE_Only|Win32
		Debug_DC_Only|Any CPU = Debug_DC_Only|Any CPU
		Debug_DC_Only|Mixed Platforms = Debug_DC_Only|Mixed Platforms
		Debug_DC_Only|Win32 = Debug_DC_Only|Win32
		Debug|Any CPU = Debug|Any CPU
		Debug|Mixed Platforms = Debug|Mixed Platforms
		Debug|Win32 = Debug|Win32
		Release_CE_Only|Any CPU = Release_CE_Only|Any CPU
		Release_CE_Only|Mixed Platforms = Release_CE_Only|Mixed Platforms
		Release_CE_Only|Win32 = Release_CE_Only|Win32
		Release_DC_Only|Any CPU = Release_DC_Only|Any CPU
		Release_DC_Only|Mixed Platforms = Release_DC_Only|Mixed Platforms
		Release_DC_Only|Win32 = Release_DC_Only|Win32
		Release|Any CPU = Release|Any CPU
		Release|Mixed Platforms = Release|Mixed Platforms
		Release|Win32 = Release|Win32
		ReleaseTest|Any CPU = ReleaseTest|Any CPU
		ReleaseTest|Mixed Platforms = ReleaseTest|Mixed Platforms
		ReleaseTest|Win32 = ReleaseTest|Win32
	EndGlobalSection
	GlobalSection(ProjectConfigurationPlatforms) = postSolution
		{8C12D387-2CB2-4BD7-9B4A-AD25E375EB9E}.Debug_CE_Only|Any CPU.ActiveCfg = Debug_CE_Only|Win32
		{8C12D387-2CB2-4BD7-9B4A-AD25E375EB9E}.Debug_CE_Only|Mixed Platforms.ActiveCfg = Debug_CE_Only|Win32
		{8C12D387-2CB2-4BD7-9B4A-AD25E375EB9E}.Debug_CE_Only|Mixed Platforms.Build.0 = Debug_CE_Only|Win32
		{8C12D387-2CB2-4BD7-9B4A-AD25E375EB9E}.Debug_CE_Only|Win32.ActiveCfg = Debug_CE_Only|Win32
		{8C12D387-2CB2-4BD7-9B4A-AD25E375EB9E}.Debug_CE_Only|Win32.Build.0 = Debug_CE_Only|Win32
		{8C12D387-2CB2-4BD7-9B4A-AD25E375EB9E}.Debug_DC_Only|Any CPU.ActiveCfg = Debug_DC_Only|Win32
		{8C12D387-2CB2-4BD7-9B4A-AD25E375EB9E}.Debug_DC_Only|Mixed Platforms.ActiveCfg = Debug_DC_Only|Win32
		{8C12D387-2CB2-4BD7-9B4A-AD25E375EB9E}.Debug_DC_Only|Mixed Platforms.Build.0 = Debug_DC_Only|Win32
		{8C12D387-2CB2-4BD7-9B4A-AD25E375EB9E}.Debug_DC_Only|Win32.ActiveCfg = Debug_DC_Only|Win32
		{8C12D387-2CB2-4BD7-9B4A-AD25E375EB9E}.Debug_DC_Only|Win32.Build.0 = Debug_DC_Only|Win32
		{8C12D387-2CB2-4BD7-9B4A-AD25E375EB9E}.Debug|Any CPU.ActiveCfg = Debug|Win32
		{8C12D387-2CB2-4BD7-9B4A-AD25E375EB9E}.Debug|Mixed Platforms.ActiveCfg = Debug|Win32
		{8C12D387-2CB2-4BD7-9B4A-AD25E375EB9E}.Debug|Mixed Platforms.Build.0 = Debug|Win32
		{8C12D387-2CB2-4BD7-9B4A-AD25E375EB9E}.Debug|Win32.ActiveCfg = Debug|Win32
		{8C12D387-2CB2-4BD7-9B4A-AD25E375EB9E}.Debug|Win32.Build.0 = Debug|Win32
		{8C12D387-2CB2-4BD7-9B4A-AD25E375EB9E}.Release_CE_Only|Any CPU.ActiveCfg = Release_CE_Only|Win32
		{8C12D387-2CB2-4BD7-9B4A-AD25E375EB9E}.Release_CE_Only|Mixed Platforms.ActiveCfg = Release_CE_Only|Win32
		{8C12D387-2CB2-4BD7-9B4A-AD25E375EB9E}.Release_CE_Only|Mixed Platforms.Build.0 = Release_CE_Only|Win32
		{8C12D387-2CB2-4BD7-9B4A-AD25E375EB9E}.Release_CE_Only|Win32.ActiveCfg = Release_CE_Only|Win32
		{8C12D387-2CB2-4BD7-9B4A-AD25E375EB9E}.Release_CE_Only|Win32.Build.0 = Release_CE_Only|Win32
		{8C12D387-2CB2-4BD7-9B4A-AD25E375EB9E}.Release_DC_Only|Any CPU.ActiveCfg = Release_DC_Only|Win32
		{8C12D387-2CB2-4BD7-9B4A-AD25E375EB9E}.Release_DC_Only|Mixed Platforms.ActiveCfg = Release_DC_Only|Win32
		{8C12D387-2CB2-4BD7-9B4A-AD25E375EB9E}.Release_DC_Only|Mixed Platforms.Build.0 = Release_DC_Only|Win32
		{8C12D387-2CB2-4BD7-9B4A-AD25E375EB9E}.Release_DC_Only|Win32.ActiveCfg = Release_DC_Only|Win32
		{8C12D387-2CB2-4BD7-9B4A-AD25E375EB9E}.Release_DC_Only|Win32.Build.0 = Release_DC_Only|Win32
		{8C12D387-2CB2-4BD7-9B4A-AD25E375EB9E}.Release|Any CPU.ActiveCfg = Release|Win32
		{8C12D387-2CB2-4BD7-9B4A-AD25E375EB9E}.Release|Mixed Platforms.ActiveCfg = Release|Win32
		{8C12D387-2CB2-4BD7-9B4A-AD25E375EB9E}.Release|Mixed Platforms.Build.0 = Release|Win32
		{8C12D387-2CB2-4BD7-9B4A-AD25E375EB9E}.Release|Win32.ActiveCfg = Release|Win32
		{8C12D387-2CB2-4BD7-9B4A-AD25E375EB9E}.Release|Win32.Build.0 = Release|Win32
		{8C12D387-2CB2-4BD7-9B4A-AD25E375EB9E}.ReleaseTest|Any CPU.ActiveCfg = ReleaseTest|Win32
		{8C12D387-2CB2-4BD7-9B4A-AD25E375EB9E}.ReleaseTest|Mixed Platforms.ActiveCfg = Release_CE_Only|Win32
		{8C12D387-2CB2-4BD7-9B4A-AD25E375EB9E}.ReleaseTest|Mixed Platforms.Build.0 = Release_CE_Only|Win32
		{8C12D387-2CB2-4BD7-9B4A-AD25E375EB9E}.ReleaseTest|Win32.ActiveCfg = ReleaseTest|Win32
		{8C12D387-2CB2-4BD7-9B4A-AD25E375EB9E}.ReleaseTest|Win32.Build.0 = ReleaseTest|Win32
		{8D456998-F4A5-4DB9-8398-A2382098351A}.Debug_CE_Only|Any CPU.ActiveCfg = Debug|Win32
		{8D456998-F4A5-4DB9-8398-A2382098351A}.Debug_CE_Only|Mixed Platforms.ActiveCfg = Debug|Win32
		{8D456998-F4A5-4DB9-8398-A2382098351A}.Debug_CE_Only|Mixed Platforms.Build.0 = Debug|Win32
		{8D456998-F4A5-4DB9-8398-A2382098351A}.Debug_CE_Only|Win32.ActiveCfg = Debug|Win32
		{8D456998-F4A5-4DB9-8398-A2382098351A}.Debug_CE_Only|Win32.Build.0 = Debug|Win32
		{8D456998-F4A5-4DB9-8398-A2382098351A}.Debug_DC_Only|Any CPU.ActiveCfg = Debug|Win32
		{8D456998-F4A5-4DB9-8398-A2382098351A}.Debug_DC_Only|Mixed Platforms.ActiveCfg = Debug|Win32
		{8D456998-F4A5-4DB9-8398-A2382098351A}.Debug_DC_Only|Mixed Platforms.Build.0 = Debug|Win32
		{8D456998-F4A5-4DB9-8398-A2382098351A}.Debug_DC_Only|Win32.ActiveCfg = Debug|Win32
		{8D456998-F4A5-4DB9-8398-A2382098351A}.Debug_DC_Only|Win32.Build.0 = Debug|Win32
		{8D456998-F4A5-4DB9-8398-A2382098351A}.Debug|Any CPU.ActiveCfg = Debug|Win32
		{8D456998-F4A5-4DB9-8398-A2382098351A}.Debug|Mixed Platforms.ActiveCfg = Debug|Win32
		{8D456998-F4A5-4DB9-8398-A2382098351A}.Debug|Mixed Platforms.Build.0 = Debug|Win32
		{8D456998-F4A5-4DB9-8398-A2382098351A}.Debug|Win32.ActiveCfg = Debug|Win32
		{8D456998-F4A5-4DB9-8398-A2382098351A}.Debug|Win32.Build.0 = Debug|Win32
		{8D456998-F4A5-4DB9-8398-A2382098351A}.Release_CE_Only|Any CPU.ActiveCfg = Release|Win32
		{8D456998-F4A5-4DB9-8398-A2382098351A}.Release_CE_Only|Mixed Platforms.ActiveCfg = Release|Win32
		{8D456998-F4A5-4DB9-8398-A2382098351A}.Release_CE_Only|Mixed Platforms.Build.0 = Release|Win32
		{8D456998-F4A5-4DB9-8398-A2382098351A}.Release_CE_Only|Win32.ActiveCfg = Release|Win32
		{8D456998-F4A5-4DB9-8398-A2382098351A}.Release_CE_Only|Win32.Build.0 = Release|Win32
		{8D456998-F4A5-4DB9-8398-A2382098351A}.Release_DC_Only|Any CPU.ActiveCfg = Release|Win32
		{8D456998-F4A5-4DB9-8398-A2382098351A}.Release_DC_Only|Mixed Platforms.ActiveCfg = Release|Win32
		{8D456998-F4A5-4DB9-8398-A2382098351A}.Release_DC_Only|Mixed Platforms.Build.0 = Release|Win32
		{8D456998-F4A5-4DB9-8398-A2382098351A}.Release_DC_Only|Win32.ActiveCfg = Release|Win32
		{8D456998-F4A5-4DB9-8398-A2382098351A}.Release_DC_Only|Win32.Build.0 = Release|Win32
		{8D456998-F4A5-4DB9-8398-A2382098351A}.Release|Any CPU.ActiveCfg = Release|Win32
		{8D456998-F4A5-4DB9-8398-A2382098351A}.Release|Mixed Platforms.ActiveCfg = Release|Win32
		{8D456998-F4A5-4DB9-8398-A2382098351A}.Release|Mixed Platforms.Build.0 = Release|Win32
		{8D456998-F4A5-4DB9-8398-A2382098351A}.Release|Win32.ActiveCfg = Release|Win32
		{8D456998-F4A5-4DB9-8398-A2382098351A}.Release|Win32.Build.0 = Release|Win32
		{8D456998-F4A5-4DB9-8398-A2382098351A}.ReleaseTest|Any CPU.ActiveCfg = ReleaseTest|Win32
		{8D456998-F4A5-4DB9-8398-A2382098351A}.ReleaseTest|Mixed Platforms.ActiveCfg = Release|Win32
		{8D456998-F4A5-4DB9-8398-A2382098351A}.ReleaseTest|Mixed Platforms.Build.0 = Release|Win32
		{8D456998-F4A5-4DB9-8398-A2382098351A}.ReleaseTest|Win32.ActiveCfg = ReleaseTest|Win32
		{8D456998-F4A5-4DB9-8398-A2382098351A}.ReleaseTest|Win32.Build.0 = ReleaseTest|Win32
		{057AA2AF-BEE1-4F61-9379-E442AB8279E7}.Debug_CE_Only|Any CPU.ActiveCfg = Debug|Any CPU
		{057AA2AF-BEE1-4F61-9379-E442AB8279E7}.Debug_CE_Only|Any CPU.Build.0 = Debug|Any CPU
		{057AA2AF-BEE1-4F61-9379-E442AB8279E7}.Debug_CE_Only|Mixed Platforms.ActiveCfg = Debug|Any CPU
		{057AA2AF-BEE1-4F61-9379-E442AB8279E7}.Debug_CE_Only|Mixed Platforms.Build.0 = Debug|Any CPU
		{057AA2AF-BEE1-4F61-9379-E442AB8279E7}.Debug_CE_Only|Win32.ActiveCfg = Debug|Any CPU
		{057AA2AF-BEE1-4F61-9379-E442AB8279E7}.Debug_DC_Only|Any CPU.ActiveCfg = Debug|Any CPU
		{057AA2AF-BEE1-4F61-9379-E442AB8279E7}.Debug_DC_Only|Any CPU.Build.0 = Debug|Any CPU
		{057AA2AF-BEE1-4F61-9379-E442AB8279E7}.Debug_DC_Only|Mixed Platforms.ActiveCfg = Debug|Any CPU
		{057AA2AF-BEE1-4F61-9379-E442AB8279E7}.Debug_DC_Only|Mixed Platforms.Build.0 = Debug|Any CPU
		{057AA2AF-BEE1-4F61-9379-E442AB8279E7}.Debug_DC_Only|Win32.ActiveCfg = Debug|Any CPU
		{057AA2AF-BEE1-4F61-9379-E442AB8279E7}.Debug|Any CPU.ActiveCfg = Debug|Any CPU
		{057AA2AF-BEE1-4F61-9379-E442AB8279E7}.Debug|Any CPU.Build.0 = Debug|Any CPU
		{057AA2AF-BEE1-4F61-9379-E442AB8279E7}.Debug|Mixed Platforms.ActiveCfg = Debug|Any CPU
		{057AA2AF-BEE1-4F61-9379-E442AB8279E7}.Debug|Mixed Platforms.Build.0 = Debug|Any CPU
		{057AA2AF-BEE1-4F61-9379-E442AB8279E7}.Debug|Win32.ActiveCfg = Debug|Any CPU
		{057AA2AF-BEE1-4F61-9379-E442AB8279E7}.Release_CE_Only|Any CPU.ActiveCfg = Release|Any CPU
		{057AA2AF-BEE1-4F61-9379-E442AB8279E7}.Release_CE_Only|Any CPU.Build.0 = Release|Any CPU
		{057AA2AF-BEE1-4F61-9379-E442AB8279E7}.Release_CE_Only|Mixed Platforms.ActiveCfg = Release|Any CPU
		{057AA2AF-BEE1-4F61-9379-E442AB8279E7}.Release_CE_Only|Mixed Platforms.Build.0 = Release|Any CPU
		{057AA2AF-BEE1-4F61-9379-E442AB8279E7}.Release_CE_Only|Win32.ActiveCfg = Release|Any CPU
		{057AA2AF-BEE1-4F61-9379-E442AB8279E7}.Release_DC_Only|Any CPU.ActiveCfg = Release|Any CPU
		{057AA2AF-BEE1-4F61-9379-E442AB8279E7}.Release_DC_Only|Any CPU.Build.0 = Release|Any CPU
		{057AA2AF-BEE1-4F61-9379-E442AB8279E7}.Release_DC_Only|Mixed Platforms.ActiveCfg = Release|Any CPU
		{057AA2AF-BEE1-4F61-9379-E442AB8279E7}.Release_DC_Only|Mixed Platforms.Build.0 = Release|Any CPU
		{057AA2AF-BEE1-4F61-9379-E442AB8279E7}.Release_DC_Only|Win32.ActiveCfg = Release|Any CPU
		{057AA2AF-BEE1-4F61-9379-E442AB8279E7}.Release|Any CPU.ActiveCfg = Release|Any CPU
		{057AA2AF-BEE1-4F61-9379-E442AB8279E7}.Release|Any CPU.Build.0 = Release|Any CPU
		{057AA2AF-BEE1-4F61-9379-E442AB8279E7}.Release|Mixed Platforms.ActiveCfg = Release|Any CPU
		{057AA2AF-BEE1-4F61-9379-E442AB8279E7}.Release|Mixed Platforms.Build.0 = Release|Any CPU
		{057AA2AF-BEE1-4F61-9379-E442AB8279E7}.Release|Win32.ActiveCfg = Release|Any CPU
		{057AA2AF-BEE1-4F61-9379-E442AB8279E7}.ReleaseTest|Any CPU.ActiveCfg = ReleaseTest|Any CPU
		{057AA2AF-BEE1-4F61-9379-E442AB8279E7}.ReleaseTest|Any CPU.Build.0 = ReleaseTest|Any CPU
		{057AA2AF-BEE1-4F61-9379-E442AB8279E7}.ReleaseTest|Mixed Platforms.ActiveCfg = ReleaseTest|Any CPU
		{057AA2AF-BEE1-4F61-9379-E442AB8279E7}.ReleaseTest|Mixed Platforms.Build.0 = ReleaseTest|Any CPU
		{057AA2AF-BEE1-4F61-9379-E442AB8279E7}.ReleaseTest|Win32.ActiveCfg = ReleaseTest|Any CPU
	EndGlobalSection
	GlobalSection(SolutionProperties) = preSolution
		HideSolutionNode = FALSE
	EndGlobalSection
EndGlobal
