
Microsoft Visual Studio Solution File, Format Version 12.00
# Visual Studio 15
VisualStudioVersion = 15.0.26730.3
MinimumVisualStudioVersion = 10.0.40219.1
Project("{FAE04EC0-301F-11D3-BF4B-00C04F79EFBC}") = "FLCleaner_UWP", "FLCleaner_UWP\FLCleaner_UWP.csproj", "{878A7EFF-D466-42CA-8793-F867A41816B4}"
EndProject
Project("{FAE04EC0-301F-11D3-BF4B-00C04F79EFBC}") = "FLCleaner_Engine", "FLCleaner_Engine\FLCleaner_Engine.csproj", "{3C2563CE-DCE9-48A3-B8BB-0728B67F408D}"
EndProject
Project("{FAE04EC0-301F-11D3-BF4B-00C04F79EFBC}") = "FLCleaner_NET", "FLCleaner_NET\FLCleaner_NET.csproj", "{7AFA55C6-93B6-499B-B4E8-29881CE8AEA6}"
EndProject
Global
	GlobalSection(SolutionConfigurationPlatforms) = preSolution
		Debug|Any CPU = Debug|Any CPU
		Debug|ARM = Debug|ARM
		Debug|x64 = Debug|x64
		Debug|x86 = Debug|x86
		Release|Any CPU = Release|Any CPU
		Release|ARM = Release|ARM
		Release|x64 = Release|x64
		Release|x86 = Release|x86
	EndGlobalSection
	GlobalSection(ProjectConfigurationPlatforms) = postSolution
		{878A7EFF-D466-42CA-8793-F867A41816B4}.Debug|Any CPU.ActiveCfg = Debug|x86
		{878A7EFF-D466-42CA-8793-F867A41816B4}.Debug|ARM.ActiveCfg = Debug|ARM
		{878A7EFF-D466-42CA-8793-F867A41816B4}.Debug|ARM.Build.0 = Debug|ARM
		{878A7EFF-D466-42CA-8793-F867A41816B4}.Debug|ARM.Deploy.0 = Debug|ARM
		{878A7EFF-D466-42CA-8793-F867A41816B4}.Debug|x64.ActiveCfg = Debug|x64
		{878A7EFF-D466-42CA-8793-F867A41816B4}.Debug|x64.Build.0 = Debug|x64
		{878A7EFF-D466-42CA-8793-F867A41816B4}.Debug|x64.Deploy.0 = Debug|x64
		{878A7EFF-D466-42CA-8793-F867A41816B4}.Debug|x86.ActiveCfg = Debug|x86
		{878A7EFF-D466-42CA-8793-F867A41816B4}.Debug|x86.Build.0 = Debug|x86
		{878A7EFF-D466-42CA-8793-F867A41816B4}.Debug|x86.Deploy.0 = Debug|x86
		{878A7EFF-D466-42CA-8793-F867A41816B4}.Release|Any CPU.ActiveCfg = Release|x86
		{878A7EFF-D466-42CA-8793-F867A41816B4}.Release|ARM.ActiveCfg = Release|ARM
		{878A7EFF-D466-42CA-8793-F867A41816B4}.Release|ARM.Build.0 = Release|ARM
		{878A7EFF-D466-42CA-8793-F867A41816B4}.Release|ARM.Deploy.0 = Release|ARM
		{878A7EFF-D466-42CA-8793-F867A41816B4}.Release|x64.ActiveCfg = Release|x64
		{878A7EFF-D466-42CA-8793-F867A41816B4}.Release|x64.Build.0 = Release|x64
		{878A7EFF-D466-42CA-8793-F867A41816B4}.Release|x64.Deploy.0 = Release|x64
		{878A7EFF-D466-42CA-8793-F867A41816B4}.Release|x86.ActiveCfg = Release|x86
		{878A7EFF-D466-42CA-8793-F867A41816B4}.Release|x86.Build.0 = Release|x86
		{878A7EFF-D466-42CA-8793-F867A41816B4}.Release|x86.Deploy.0 = Release|x86
		{3C2563CE-DCE9-48A3-B8BB-0728B67F408D}.Debug|Any CPU.ActiveCfg = Debug|Any CPU
		{3C2563CE-DCE9-48A3-B8BB-0728B67F408D}.Debug|Any CPU.Build.0 = Debug|Any CPU
		{3C2563CE-DCE9-48A3-B8BB-0728B67F408D}.Debug|ARM.ActiveCfg = Debug|Any CPU
		{3C2563CE-DCE9-48A3-B8BB-0728B67F408D}.Debug|ARM.Build.0 = Debug|Any CPU
		{3C2563CE-DCE9-48A3-B8BB-0728B67F408D}.Debug|x64.ActiveCfg = Debug|Any CPU
		{3C2563CE-DCE9-48A3-B8BB-0728B67F408D}.Debug|x64.Build.0 = Debug|Any CPU
		{3C2563CE-DCE9-48A3-B8BB-0728B67F408D}.Debug|x86.ActiveCfg = Debug|Any CPU
		{3C2563CE-DCE9-48A3-B8BB-0728B67F408D}.Debug|x86.Build.0 = Debug|Any CPU
		{3C2563CE-DCE9-48A3-B8BB-0728B67F408D}.Release|Any CPU.ActiveCfg = Release|Any CPU
		{3C2563CE-DCE9-48A3-B8BB-0728B67F408D}.Release|Any CPU.Build.0 = Release|Any CPU
		{3C2563CE-DCE9-48A3-B8BB-0728B67F408D}.Release|ARM.ActiveCfg = Release|Any CPU
		{3C2563CE-DCE9-48A3-B8BB-0728B67F408D}.Release|ARM.Build.0 = Release|Any CPU
		{3C2563CE-DCE9-48A3-B8BB-0728B67F408D}.Release|x64.ActiveCfg = Release|Any CPU
		{3C2563CE-DCE9-48A3-B8BB-0728B67F408D}.Release|x64.Build.0 = Release|Any CPU
		{3C2563CE-DCE9-48A3-B8BB-0728B67F408D}.Release|x86.ActiveCfg = Release|Any CPU
		{3C2563CE-DCE9-48A3-B8BB-0728B67F408D}.Release|x86.Build.0 = Release|Any CPU
		{7AFA55C6-93B6-499B-B4E8-29881CE8AEA6}.Debug|Any CPU.ActiveCfg = Debug|Any CPU
		{7AFA55C6-93B6-499B-B4E8-29881CE8AEA6}.Debug|Any CPU.Build.0 = Debug|Any CPU
		{7AFA55C6-93B6-499B-B4E8-29881CE8AEA6}.Debug|ARM.ActiveCfg = Debug|Any CPU
		{7AFA55C6-93B6-499B-B4E8-29881CE8AEA6}.Debug|ARM.Build.0 = Debug|Any CPU
		{7AFA55C6-93B6-499B-B4E8-29881CE8AEA6}.Debug|x64.ActiveCfg = Debug|Any CPU
		{7AFA55C6-93B6-499B-B4E8-29881CE8AEA6}.Debug|x64.Build.0 = Debug|Any CPU
		{7AFA55C6-93B6-499B-B4E8-29881CE8AEA6}.Debug|x86.ActiveCfg = Debug|Any CPU
		{7AFA55C6-93B6-499B-B4E8-29881CE8AEA6}.Debug|x86.Build.0 = Debug|Any CPU
		{7AFA55C6-93B6-499B-B4E8-29881CE8AEA6}.Release|Any CPU.ActiveCfg = Release|Any CPU
		{7AFA55C6-93B6-499B-B4E8-29881CE8AEA6}.Release|Any CPU.Build.0 = Release|Any CPU
		{7AFA55C6-93B6-499B-B4E8-29881CE8AEA6}.Release|ARM.ActiveCfg = Release|Any CPU
		{7AFA55C6-93B6-499B-B4E8-29881CE8AEA6}.Release|ARM.Build.0 = Release|Any CPU
		{7AFA55C6-93B6-499B-B4E8-29881CE8AEA6}.Release|x64.ActiveCfg = Release|Any CPU
		{7AFA55C6-93B6-499B-B4E8-29881CE8AEA6}.Release|x64.Build.0 = Release|Any CPU
		{7AFA55C6-93B6-499B-B4E8-29881CE8AEA6}.Release|x86.ActiveCfg = Release|Any CPU
		{7AFA55C6-93B6-499B-B4E8-29881CE8AEA6}.Release|x86.Build.0 = Release|Any CPU
	EndGlobalSection
	GlobalSection(SolutionProperties) = preSolution
		HideSolutionNode = FALSE
	EndGlobalSection
	GlobalSection(ExtensibilityGlobals) = postSolution
		SolutionGuid = {7A8FCF49-80C7-4D04-A174-B74A5FD86144}
	EndGlobalSection
EndGlobal
